// !$*UTF8*$!
{
	archiveVersion = 1;
	classes = {
	};
	objectVersion = 46;
	objects = {

/* Begin PBXBuildFile section */
		9A3D2C271B8AA0C400C10CC5 /* SearchTextField.swift in Sources */ = {isa = PBXBuildFile; fileRef = 9A3D2C261B8AA0C400C10CC5 /* SearchTextField.swift */; };
		9A3D2C2B1B8BFD4F00C10CC5 /* Extensions.swift in Sources */ = {isa = PBXBuildFile; fileRef = 9A3D2C2A1B8BFD4E00C10CC5 /* Extensions.swift */; };
		9A3DEDA31B9155BE00B90556 /* DKAssetGroupDetailVC.swift in Sources */ = {isa = PBXBuildFile; fileRef = 9A3DED9D1B9155BE00B90556 /* DKAssetGroupDetailVC.swift */; };
		9A3DEDA41B9155BE00B90556 /* DKAssetGroupVC.swift in Sources */ = {isa = PBXBuildFile; fileRef = 9A3DED9E1B9155BE00B90556 /* DKAssetGroupVC.swift */; };
		9A3DEDA51B9155BE00B90556 /* DKImagePickerController.bundle in Resources */ = {isa = PBXBuildFile; fileRef = 9A3DED9F1B9155BE00B90556 /* DKImagePickerController.bundle */; };
		9A3DEDA61B9155BE00B90556 /* DKImagePickerController.swift in Sources */ = {isa = PBXBuildFile; fileRef = 9A3DEDA01B9155BE00B90556 /* DKImagePickerController.swift */; };
		9A3DEDA71B9155BE00B90556 /* DKImageResource.swift in Sources */ = {isa = PBXBuildFile; fileRef = 9A3DEDA11B9155BE00B90556 /* DKImageResource.swift */; };
		9A3DEDA81B9155BE00B90556 /* DKPopoverViewController.swift in Sources */ = {isa = PBXBuildFile; fileRef = 9A3DEDA21B9155BE00B90556 /* DKPopoverViewController.swift */; };
		9A5566081B9FB60F005DDBA3 /* PostCell.swift in Sources */ = {isa = PBXBuildFile; fileRef = 9A5566071B9FB60F005DDBA3 /* PostCell.swift */; };
		9A55660C1B9FD955005DDBA3 /* Main.storyboard in Resources */ = {isa = PBXBuildFile; fileRef = 9A55660A1B9FD955005DDBA3 /* Main.storyboard */; };
		9A55660E1BA0168D005DDBA3 /* Post.swift in Sources */ = {isa = PBXBuildFile; fileRef = 9A55660D1BA0168C005DDBA3 /* Post.swift */; };
		9A5566111BA048E2005DDBA3 /* UIRefreshControl+UITableView.m in Sources */ = {isa = PBXBuildFile; fileRef = 9A5566101BA048E2005DDBA3 /* UIRefreshControl+UITableView.m */; };
		9A5566141BA16F18005DDBA3 /* WritePostViewController.swift in Sources */ = {isa = PBXBuildFile; fileRef = 9A5566131BA16F16005DDBA3 /* WritePostViewController.swift */; };
		9AA526861B89CF4C00900383 /* QuartzCore.framework in Frameworks */ = {isa = PBXBuildFile; fileRef = 9AA526851B89CF4C00900383 /* QuartzCore.framework */; };
		9AA6135A1B83B2B8004911C2 /* ProfileViewController.swift in Sources */ = {isa = PBXBuildFile; fileRef = 9AA613591B83B2B8004911C2 /* ProfileViewController.swift */; };
		9AA6135C1B83E17C004911C2 /* CommunityViewController.swift in Sources */ = {isa = PBXBuildFile; fileRef = 9AA6135B1B83E17C004911C2 /* CommunityViewController.swift */; };
		9AA6135E1B83F572004911C2 /* LoggedOutProfileViewController.swift in Sources */ = {isa = PBXBuildFile; fileRef = 9AA6135D1B83F572004911C2 /* LoggedOutProfileViewController.swift */; };
		9AA613601B8464F0004911C2 /* CommunityCell.swift in Sources */ = {isa = PBXBuildFile; fileRef = 9AA6135F1B8464F0004911C2 /* CommunityCell.swift */; };
		9AA613621B851F79004911C2 /* LogInViewController.swift in Sources */ = {isa = PBXBuildFile; fileRef = 9AA613611B851F79004911C2 /* LogInViewController.swift */; };
		9AA613641B851FD6004911C2 /* CreateAccountViewController.swift in Sources */ = {isa = PBXBuildFile; fileRef = 9AA613631B851FD6004911C2 /* CreateAccountViewController.swift */; };
		9AAD20491B82A22F0053F743 /* AppDelegate.swift in Sources */ = {isa = PBXBuildFile; fileRef = 9AAD20481B82A22F0053F743 /* AppDelegate.swift */; };
		9AAD204B1B82A22F0053F743 /* SearchViewController.swift in Sources */ = {isa = PBXBuildFile; fileRef = 9AAD204A1B82A22F0053F743 /* SearchViewController.swift */; };
		9AAD20501B82A22F0053F743 /* Images.xcassets in Resources */ = {isa = PBXBuildFile; fileRef = 9AAD204F1B82A22F0053F743 /* Images.xcassets */; };
		9AAD20531B82A22F0053F743 /* LaunchScreen.xib in Resources */ = {isa = PBXBuildFile; fileRef = 9AAD20511B82A22F0053F743 /* LaunchScreen.xib */; };
		9AAD205F1B82A22F0053F743 /* CommunityTests.swift in Sources */ = {isa = PBXBuildFile; fileRef = 9AAD205E1B82A22F0053F743 /* CommunityTests.swift */; };
		9AD3B4B01B8E81D900357860 /* Delegates.swift in Sources */ = {isa = PBXBuildFile; fileRef = 9AD3B4AF1B8E81D900357860 /* Delegates.swift */; };
		9CD1118C8AAD2ACAFAF5D95C /* Pods.framework in Frameworks */ = {isa = PBXBuildFile; fileRef = 11CFFFB983B375515C97E45F /* Pods.framework */; settings = {ATTRIBUTES = (Weak, ); }; };
/* End PBXBuildFile section */

/* Begin PBXContainerItemProxy section */
		9AAD20591B82A22F0053F743 /* PBXContainerItemProxy */ = {
			isa = PBXContainerItemProxy;
			containerPortal = 9AAD203B1B82A22F0053F743 /* Project object */;
			proxyType = 1;
			remoteGlobalIDString = 9AAD20421B82A22F0053F743;
			remoteInfo = Community;
		};
/* End PBXContainerItemProxy section */

/* Begin PBXFileReference section */
		066B46063845E40386972153 /* Pods.release.xcconfig */ = {isa = PBXFileReference; includeInIndex = 1; lastKnownFileType = text.xcconfig; name = Pods.release.xcconfig; path = "Pods/Target Support Files/Pods/Pods.release.xcconfig"; sourceTree = "<group>"; };
		11CFFFB983B375515C97E45F /* Pods.framework */ = {isa = PBXFileReference; explicitFileType = wrapper.framework; includeInIndex = 0; path = Pods.framework; sourceTree = BUILT_PRODUCTS_DIR; };
		12BC73E1CC021A3521FB56B1 /* Pods.debug.xcconfig */ = {isa = PBXFileReference; includeInIndex = 1; lastKnownFileType = text.xcconfig; name = Pods.debug.xcconfig; path = "Pods/Target Support Files/Pods/Pods.debug.xcconfig"; sourceTree = "<group>"; };
		9A3D2C261B8AA0C400C10CC5 /* SearchTextField.swift */ = {isa = PBXFileReference; fileEncoding = 4; lastKnownFileType = sourcecode.swift; path = SearchTextField.swift; sourceTree = "<group>"; };
		9A3D2C2A1B8BFD4E00C10CC5 /* Extensions.swift */ = {isa = PBXFileReference; fileEncoding = 4; lastKnownFileType = sourcecode.swift; path = Extensions.swift; sourceTree = "<group>"; };
		9A3DED9D1B9155BE00B90556 /* DKAssetGroupDetailVC.swift */ = {isa = PBXFileReference; fileEncoding = 4; lastKnownFileType = sourcecode.swift; name = DKAssetGroupDetailVC.swift; path = ../../../../DKImagePickerController/DKImagePickerController/DKAssetGroupDetailVC.swift; sourceTree = "<group>"; };
		9A3DED9E1B9155BE00B90556 /* DKAssetGroupVC.swift */ = {isa = PBXFileReference; fileEncoding = 4; lastKnownFileType = sourcecode.swift; name = DKAssetGroupVC.swift; path = ../../../../DKImagePickerController/DKImagePickerController/DKAssetGroupVC.swift; sourceTree = "<group>"; };
		9A3DED9F1B9155BE00B90556 /* DKImagePickerController.bundle */ = {isa = PBXFileReference; lastKnownFileType = "wrapper.plug-in"; name = DKImagePickerController.bundle; path = ../../../../DKImagePickerController/DKImagePickerController/DKImagePickerController.bundle; sourceTree = "<group>"; };
		9A3DEDA01B9155BE00B90556 /* DKImagePickerController.swift */ = {isa = PBXFileReference; fileEncoding = 4; lastKnownFileType = sourcecode.swift; name = DKImagePickerController.swift; path = ../../../../DKImagePickerController/DKImagePickerController/DKImagePickerController.swift; sourceTree = "<group>"; };
		9A3DEDA11B9155BE00B90556 /* DKImageResource.swift */ = {isa = PBXFileReference; fileEncoding = 4; lastKnownFileType = sourcecode.swift; name = DKImageResource.swift; path = ../../../../DKImagePickerController/DKImagePickerController/DKImageResource.swift; sourceTree = "<group>"; };
		9A3DEDA21B9155BE00B90556 /* DKPopoverViewController.swift */ = {isa = PBXFileReference; fileEncoding = 4; lastKnownFileType = sourcecode.swift; name = DKPopoverViewController.swift; path = ../../../../DKImagePickerController/DKImagePickerController/DKPopoverViewController.swift; sourceTree = "<group>"; };
		9A5566071B9FB60F005DDBA3 /* PostCell.swift */ = {isa = PBXFileReference; fileEncoding = 4; lastKnownFileType = sourcecode.swift; name = PostCell.swift; path = ../PostCell.swift; sourceTree = "<group>"; };
		9A55660B1B9FD955005DDBA3 /* Base */ = {isa = PBXFileReference; lastKnownFileType = file.storyboard; name = Base; path = Base.lproj/Main.storyboard; sourceTree = "<group>"; };
		9A55660D1BA0168C005DDBA3 /* Post.swift */ = {isa = PBXFileReference; fileEncoding = 4; lastKnownFileType = sourcecode.swift; path = Post.swift; sourceTree = "<group>"; };
		9A55660F1BA048C7005DDBA3 /* UIRefreshControl+UITableView.h */ = {isa = PBXFileReference; lastKnownFileType = sourcecode.c.h; path = "UIRefreshControl+UITableView.h"; sourceTree = "<group>"; };
		9A5566101BA048E2005DDBA3 /* UIRefreshControl+UITableView.m */ = {isa = PBXFileReference; fileEncoding = 4; lastKnownFileType = sourcecode.c.objc; name = "UIRefreshControl+UITableView.m"; path = "../UIRefreshControl+UITableView.m"; sourceTree = "<group>"; };
		9A5566121BA049EE005DDBA3 /* Community-Bridging-Header.h */ = {isa = PBXFileReference; lastKnownFileType = sourcecode.c.h; path = "Community-Bridging-Header.h"; sourceTree = "<group>"; };
		9A5566131BA16F16005DDBA3 /* WritePostViewController.swift */ = {isa = PBXFileReference; fileEncoding = 4; lastKnownFileType = sourcecode.swift; name = WritePostViewController.swift; path = ../WritePostViewController.swift; sourceTree = "<group>"; };
		9AA526851B89CF4C00900383 /* QuartzCore.framework */ = {isa = PBXFileReference; lastKnownFileType = wrapper.framework; name = QuartzCore.framework; path = System/Library/Frameworks/QuartzCore.framework; sourceTree = SDKROOT; };
		9AA613591B83B2B8004911C2 /* ProfileViewController.swift */ = {isa = PBXFileReference; fileEncoding = 4; lastKnownFileType = sourcecode.swift; path = ProfileViewController.swift; sourceTree = "<group>"; };
		9AA6135B1B83E17C004911C2 /* CommunityViewController.swift */ = {isa = PBXFileReference; fileEncoding = 4; lastKnownFileType = sourcecode.swift; path = CommunityViewController.swift; sourceTree = "<group>"; };
		9AA6135D1B83F572004911C2 /* LoggedOutProfileViewController.swift */ = {isa = PBXFileReference; fileEncoding = 4; lastKnownFileType = sourcecode.swift; path = LoggedOutProfileViewController.swift; sourceTree = "<group>"; };
		9AA6135F1B8464F0004911C2 /* CommunityCell.swift */ = {isa = PBXFileReference; fileEncoding = 4; lastKnownFileType = sourcecode.swift; path = CommunityCell.swift; sourceTree = "<group>"; };
		9AA613611B851F79004911C2 /* LogInViewController.swift */ = {isa = PBXFileReference; fileEncoding = 4; lastKnownFileType = sourcecode.swift; path = LogInViewController.swift; sourceTree = "<group>"; };
		9AA613631B851FD6004911C2 /* CreateAccountViewController.swift */ = {isa = PBXFileReference; fileEncoding = 4; lastKnownFileType = sourcecode.swift; path = CreateAccountViewController.swift; sourceTree = "<group>"; };
		9AAD20431B82A22F0053F743 /* Community.app */ = {isa = PBXFileReference; explicitFileType = wrapper.application; includeInIndex = 0; path = Community.app; sourceTree = BUILT_PRODUCTS_DIR; };
		9AAD20471B82A22F0053F743 /* Info.plist */ = {isa = PBXFileReference; lastKnownFileType = text.plist.xml; path = Info.plist; sourceTree = "<group>"; };
		9AAD20481B82A22F0053F743 /* AppDelegate.swift */ = {isa = PBXFileReference; lastKnownFileType = sourcecode.swift; path = AppDelegate.swift; sourceTree = "<group>"; };
		9AAD204A1B82A22F0053F743 /* SearchViewController.swift */ = {isa = PBXFileReference; lastKnownFileType = sourcecode.swift; path = SearchViewController.swift; sourceTree = "<group>"; };
		9AAD204F1B82A22F0053F743 /* Images.xcassets */ = {isa = PBXFileReference; lastKnownFileType = folder.assetcatalog; path = Images.xcassets; sourceTree = "<group>"; };
		9AAD20521B82A22F0053F743 /* Base */ = {isa = PBXFileReference; lastKnownFileType = file.xib; name = Base; path = Base.lproj/LaunchScreen.xib; sourceTree = "<group>"; };
		9AAD20581B82A22F0053F743 /* CommunityTests.xctest */ = {isa = PBXFileReference; explicitFileType = wrapper.cfbundle; includeInIndex = 0; path = CommunityTests.xctest; sourceTree = BUILT_PRODUCTS_DIR; };
		9AAD205D1B82A22F0053F743 /* Info.plist */ = {isa = PBXFileReference; lastKnownFileType = text.plist.xml; path = Info.plist; sourceTree = "<group>"; };
		9AAD205E1B82A22F0053F743 /* CommunityTests.swift */ = {isa = PBXFileReference; lastKnownFileType = sourcecode.swift; path = CommunityTests.swift; sourceTree = "<group>"; };
		9AD3B4AF1B8E81D900357860 /* Delegates.swift */ = {isa = PBXFileReference; fileEncoding = 4; lastKnownFileType = sourcecode.swift; path = Delegates.swift; sourceTree = "<group>"; };
/* End PBXFileReference section */

/* Begin PBXFrameworksBuildPhase section */
		9AAD20401B82A22F0053F743 /* Frameworks */ = {
			isa = PBXFrameworksBuildPhase;
			buildActionMask = 2147483647;
			files = (
				9AA526861B89CF4C00900383 /* QuartzCore.framework in Frameworks */,
				9CD1118C8AAD2ACAFAF5D95C /* Pods.framework in Frameworks */,
			);
			runOnlyForDeploymentPostprocessing = 0;
		};
		9AAD20551B82A22F0053F743 /* Frameworks */ = {
			isa = PBXFrameworksBuildPhase;
			buildActionMask = 2147483647;
			files = (
			);
			runOnlyForDeploymentPostprocessing = 0;
		};
/* End PBXFrameworksBuildPhase section */

/* Begin PBXGroup section */
		766893C32D3850291B651045 /* Frameworks */ = {
			isa = PBXGroup;
			children = (
				9AA526851B89CF4C00900383 /* QuartzCore.framework */,
				11CFFFB983B375515C97E45F /* Pods.framework */,
			);
			name = Frameworks;
			sourceTree = "<group>";
		};
		9A3DED9C1B9155AF00B90556 /* DKImagePickerController */ = {
			isa = PBXGroup;
			children = (
				9A3DED9D1B9155BE00B90556 /* DKAssetGroupDetailVC.swift */,
				9A3DED9E1B9155BE00B90556 /* DKAssetGroupVC.swift */,
				9A3DED9F1B9155BE00B90556 /* DKImagePickerController.bundle */,
				9A3DEDA01B9155BE00B90556 /* DKImagePickerController.swift */,
				9A3DEDA11B9155BE00B90556 /* DKImageResource.swift */,
				9A3DEDA21B9155BE00B90556 /* DKPopoverViewController.swift */,
			);
			name = DKImagePickerController;
			sourceTree = "<group>";
		};
		9AAD203A1B82A22F0053F743 = {
			isa = PBXGroup;
			children = (
				9AAD20451B82A22F0053F743 /* Community */,
				9AAD205B1B82A22F0053F743 /* CommunityTests */,
				9AAD20441B82A22F0053F743 /* Products */,
				B5F817F0E7CB96DBA1F65791 /* Pods */,
				766893C32D3850291B651045 /* Frameworks */,
			);
			sourceTree = "<group>";
		};
		9AAD20441B82A22F0053F743 /* Products */ = {
			isa = PBXGroup;
			children = (
				9AAD20431B82A22F0053F743 /* Community.app */,
				9AAD20581B82A22F0053F743 /* CommunityTests.xctest */,
			);
			name = Products;
			sourceTree = "<group>";
		};
		9AAD20451B82A22F0053F743 /* Community */ = {
			isa = PBXGroup;
			children = (
				9A5566131BA16F16005DDBA3 /* WritePostViewController.swift */,
				9A5566101BA048E2005DDBA3 /* UIRefreshControl+UITableView.m */,
				9A55660A1B9FD955005DDBA3 /* Main.storyboard */,
				9A5566071B9FB60F005DDBA3 /* PostCell.swift */,
				9A3DED9C1B9155AF00B90556 /* DKImagePickerController */,
				9AD3B4B11B91283E00357860 /* ViewControllers */,
				9A3D2C261B8AA0C400C10CC5 /* SearchTextField.swift */,
				9AAD20481B82A22F0053F743 /* AppDelegate.swift */,
				9AAD204F1B82A22F0053F743 /* Images.xcassets */,
				9AAD20511B82A22F0053F743 /* LaunchScreen.xib */,
				9AAD20461B82A22F0053F743 /* Supporting Files */,
				9AA6135F1B8464F0004911C2 /* CommunityCell.swift */,
				9A3D2C2A1B8BFD4E00C10CC5 /* Extensions.swift */,
				9AD3B4AF1B8E81D900357860 /* Delegates.swift */,
				9A55660D1BA0168C005DDBA3 /* Post.swift */,
				9A55660F1BA048C7005DDBA3 /* UIRefreshControl+UITableView.h */,
				9A5566121BA049EE005DDBA3 /* Community-Bridging-Header.h */,
			);
			path = Community;
			sourceTree = "<group>";
		};
		9AAD20461B82A22F0053F743 /* Supporting Files */ = {
			isa = PBXGroup;
			children = (
				9AAD20471B82A22F0053F743 /* Info.plist */,
			);
			name = "Supporting Files";
			sourceTree = "<group>";
		};
		9AAD205B1B82A22F0053F743 /* CommunityTests */ = {
			isa = PBXGroup;
			children = (
				9AAD205E1B82A22F0053F743 /* CommunityTests.swift */,
				9AAD205C1B82A22F0053F743 /* Supporting Files */,
			);
			path = CommunityTests;
			sourceTree = "<group>";
		};
		9AAD205C1B82A22F0053F743 /* Supporting Files */ = {
			isa = PBXGroup;
			children = (
				9AAD205D1B82A22F0053F743 /* Info.plist */,
			);
			name = "Supporting Files";
			sourceTree = "<group>";
		};
		9AD3B4B11B91283E00357860 /* ViewControllers */ = {
			isa = PBXGroup;
			children = (
				9AAD204A1B82A22F0053F743 /* SearchViewController.swift */,
				9AA613591B83B2B8004911C2 /* ProfileViewController.swift */,
				9AA6135B1B83E17C004911C2 /* CommunityViewController.swift */,
				9AA6135D1B83F572004911C2 /* LoggedOutProfileViewController.swift */,
				9AA613631B851FD6004911C2 /* CreateAccountViewController.swift */,
				9AA613611B851F79004911C2 /* LogInViewController.swift */,
			);
			name = ViewControllers;
			sourceTree = "<group>";
		};
		B5F817F0E7CB96DBA1F65791 /* Pods */ = {
			isa = PBXGroup;
			children = (
				12BC73E1CC021A3521FB56B1 /* Pods.debug.xcconfig */,
				066B46063845E40386972153 /* Pods.release.xcconfig */,
			);
			name = Pods;
			sourceTree = "<group>";
		};
/* End PBXGroup section */

/* Begin PBXNativeTarget section */
		9AAD20421B82A22F0053F743 /* Community */ = {
			isa = PBXNativeTarget;
			buildConfigurationList = 9AAD20621B82A22F0053F743 /* Build configuration list for PBXNativeTarget "Community" */;
			buildPhases = (
				2A34A7CF9403EC157F38F3C9 /* Check Pods Manifest.lock */,
				9AAD203F1B82A22F0053F743 /* Sources */,
				9AAD20401B82A22F0053F743 /* Frameworks */,
				9AAD20411B82A22F0053F743 /* Resources */,
				FA893DBBF1595FB61A78914A /* Embed Pods Frameworks */,
				286623903FD577B39420DA25 /* Copy Pods Resources */,
			);
			buildRules = (
			);
			dependencies = (
			);
			name = Community;
			productName = Community;
			productReference = 9AAD20431B82A22F0053F743 /* Community.app */;
			productType = "com.apple.product-type.application";
		};
		9AAD20571B82A22F0053F743 /* CommunityTests */ = {
			isa = PBXNativeTarget;
			buildConfigurationList = 9AAD20651B82A22F0053F743 /* Build configuration list for PBXNativeTarget "CommunityTests" */;
			buildPhases = (
				9AAD20541B82A22F0053F743 /* Sources */,
				9AAD20551B82A22F0053F743 /* Frameworks */,
				9AAD20561B82A22F0053F743 /* Resources */,
			);
			buildRules = (
			);
			dependencies = (
				9AAD205A1B82A22F0053F743 /* PBXTargetDependency */,
			);
			name = CommunityTests;
			productName = CommunityTests;
			productReference = 9AAD20581B82A22F0053F743 /* CommunityTests.xctest */;
			productType = "com.apple.product-type.bundle.unit-test";
		};
/* End PBXNativeTarget section */

/* Begin PBXProject section */
		9AAD203B1B82A22F0053F743 /* Project object */ = {
			isa = PBXProject;
			attributes = {
				LastUpgradeCheck = 0640;
				ORGANIZATIONNAME = "David Ilizarov";
				TargetAttributes = {
					9AAD20421B82A22F0053F743 = {
						CreatedOnToolsVersion = 6.4;
						DevelopmentTeam = ULTD2T59T4;
					};
					9AAD20571B82A22F0053F743 = {
						CreatedOnToolsVersion = 6.4;
						TestTargetID = 9AAD20421B82A22F0053F743;
					};
				};
			};
			buildConfigurationList = 9AAD203E1B82A22F0053F743 /* Build configuration list for PBXProject "Community" */;
			compatibilityVersion = "Xcode 3.2";
			developmentRegion = English;
			hasScannedForEncodings = 0;
			knownRegions = (
				en,
				Base,
			);
			mainGroup = 9AAD203A1B82A22F0053F743;
			productRefGroup = 9AAD20441B82A22F0053F743 /* Products */;
			projectDirPath = "";
			projectRoot = "";
			targets = (
				9AAD20421B82A22F0053F743 /* Community */,
				9AAD20571B82A22F0053F743 /* CommunityTests */,
			);
		};
/* End PBXProject section */

/* Begin PBXResourcesBuildPhase section */
		9AAD20411B82A22F0053F743 /* Resources */ = {
			isa = PBXResourcesBuildPhase;
			buildActionMask = 2147483647;
			files = (
				9AAD20531B82A22F0053F743 /* LaunchScreen.xib in Resources */,
				9A3DEDA51B9155BE00B90556 /* DKImagePickerController.bundle in Resources */,
				9AAD20501B82A22F0053F743 /* Images.xcassets in Resources */,
				9A55660C1B9FD955005DDBA3 /* Main.storyboard in Resources */,
			);
			runOnlyForDeploymentPostprocessing = 0;
		};
		9AAD20561B82A22F0053F743 /* Resources */ = {
			isa = PBXResourcesBuildPhase;
			buildActionMask = 2147483647;
			files = (
			);
			runOnlyForDeploymentPostprocessing = 0;
		};
/* End PBXResourcesBuildPhase section */

/* Begin PBXShellScriptBuildPhase section */
		286623903FD577B39420DA25 /* Copy Pods Resources */ = {
			isa = PBXShellScriptBuildPhase;
			buildActionMask = 2147483647;
			files = (
			);
			inputPaths = (
			);
			name = "Copy Pods Resources";
			outputPaths = (
			);
			runOnlyForDeploymentPostprocessing = 0;
			shellPath = /bin/sh;
			shellScript = "\"${SRCROOT}/Pods/Target Support Files/Pods/Pods-resources.sh\"\n";
			showEnvVarsInLog = 0;
		};
		2A34A7CF9403EC157F38F3C9 /* Check Pods Manifest.lock */ = {
			isa = PBXShellScriptBuildPhase;
			buildActionMask = 2147483647;
			files = (
			);
			inputPaths = (
			);
			name = "Check Pods Manifest.lock";
			outputPaths = (
			);
			runOnlyForDeploymentPostprocessing = 0;
			shellPath = /bin/sh;
			shellScript = "diff \"${PODS_ROOT}/../Podfile.lock\" \"${PODS_ROOT}/Manifest.lock\" > /dev/null\nif [[ $? != 0 ]] ; then\n    cat << EOM\nerror: The sandbox is not in sync with the Podfile.lock. Run 'pod install' or update your CocoaPods installation.\nEOM\n    exit 1\nfi\n";
			showEnvVarsInLog = 0;
		};
		FA893DBBF1595FB61A78914A /* Embed Pods Frameworks */ = {
			isa = PBXShellScriptBuildPhase;
			buildActionMask = 2147483647;
			files = (
			);
			inputPaths = (
			);
			name = "Embed Pods Frameworks";
			outputPaths = (
			);
			runOnlyForDeploymentPostprocessing = 0;
			shellPath = /bin/sh;
			shellScript = "\"${SRCROOT}/Pods/Target Support Files/Pods/Pods-frameworks.sh\"\n";
			showEnvVarsInLog = 0;
		};
/* End PBXShellScriptBuildPhase section */

/* Begin PBXSourcesBuildPhase section */
		9AAD203F1B82A22F0053F743 /* Sources */ = {
			isa = PBXSourcesBuildPhase;
			buildActionMask = 2147483647;
			files = (
				9AA6135C1B83E17C004911C2 /* CommunityViewController.swift in Sources */,
				9A3DEDA81B9155BE00B90556 /* DKPopoverViewController.swift in Sources */,
				9AA6135A1B83B2B8004911C2 /* ProfileViewController.swift in Sources */,
				9A3DEDA41B9155BE00B90556 /* DKAssetGroupVC.swift in Sources */,
				9A5566081B9FB60F005DDBA3 /* PostCell.swift in Sources */,
				9A5566111BA048E2005DDBA3 /* UIRefreshControl+UITableView.m in Sources */,
				9AD3B4B01B8E81D900357860 /* Delegates.swift in Sources */,
				9AAD204B1B82A22F0053F743 /* SearchViewController.swift in Sources */,
				9A5566141BA16F18005DDBA3 /* WritePostViewController.swift in Sources */,
				9AA613621B851F79004911C2 /* LogInViewController.swift in Sources */,
				9A3DEDA31B9155BE00B90556 /* DKAssetGroupDetailVC.swift in Sources */,
				9AA613641B851FD6004911C2 /* CreateAccountViewController.swift in Sources */,
				9A3D2C2B1B8BFD4F00C10CC5 /* Extensions.swift in Sources */,
				9A3DEDA71B9155BE00B90556 /* DKImageResource.swift in Sources */,
				9AA6135E1B83F572004911C2 /* LoggedOutProfileViewController.swift in Sources */,
				9A3DEDA61B9155BE00B90556 /* DKImagePickerController.swift in Sources */,
				9AAD20491B82A22F0053F743 /* AppDelegate.swift in Sources */,
				9A55660E1BA0168D005DDBA3 /* Post.swift in Sources */,
				9AA613601B8464F0004911C2 /* CommunityCell.swift in Sources */,
				9A3D2C271B8AA0C400C10CC5 /* SearchTextField.swift in Sources */,
			);
			runOnlyForDeploymentPostprocessing = 0;
		};
		9AAD20541B82A22F0053F743 /* Sources */ = {
			isa = PBXSourcesBuildPhase;
			buildActionMask = 2147483647;
			files = (
				9AAD205F1B82A22F0053F743 /* CommunityTests.swift in Sources */,
			);
			runOnlyForDeploymentPostprocessing = 0;
		};
/* End PBXSourcesBuildPhase section */

/* Begin PBXTargetDependency section */
		9AAD205A1B82A22F0053F743 /* PBXTargetDependency */ = {
			isa = PBXTargetDependency;
			target = 9AAD20421B82A22F0053F743 /* Community */;
			targetProxy = 9AAD20591B82A22F0053F743 /* PBXContainerItemProxy */;
		};
/* End PBXTargetDependency section */

/* Begin PBXVariantGroup section */
		9A55660A1B9FD955005DDBA3 /* Main.storyboard */ = {
			isa = PBXVariantGroup;
			children = (
				9A55660B1B9FD955005DDBA3 /* Base */,
			);
			name = Main.storyboard;
			sourceTree = "<group>";
		};
		9AAD20511B82A22F0053F743 /* LaunchScreen.xib */ = {
			isa = PBXVariantGroup;
			children = (
				9AAD20521B82A22F0053F743 /* Base */,
			);
			name = LaunchScreen.xib;
			sourceTree = "<group>";
		};
/* End PBXVariantGroup section */

/* Begin XCBuildConfiguration section */
		9AAD20601B82A22F0053F743 /* Debug */ = {
			isa = XCBuildConfiguration;
			buildSettings = {
				ALWAYS_SEARCH_USER_PATHS = NO;
				CLANG_CXX_LANGUAGE_STANDARD = "gnu++0x";
				CLANG_CXX_LIBRARY = "libc++";
				CLANG_ENABLE_MODULES = YES;
				CLANG_ENABLE_OBJC_ARC = YES;
				CLANG_WARN_BOOL_CONVERSION = YES;
				CLANG_WARN_CONSTANT_CONVERSION = YES;
				CLANG_WARN_DIRECT_OBJC_ISA_USAGE = YES_ERROR;
				CLANG_WARN_EMPTY_BODY = YES;
				CLANG_WARN_ENUM_CONVERSION = YES;
				CLANG_WARN_INT_CONVERSION = YES;
				CLANG_WARN_OBJC_ROOT_CLASS = YES_ERROR;
				CLANG_WARN_UNREACHABLE_CODE = YES;
				CLANG_WARN__DUPLICATE_METHOD_MATCH = YES;
				"CODE_SIGN_IDENTITY[sdk=iphoneos*]" = "iPhone Developer";
				COPY_PHASE_STRIP = NO;
				DEBUG_INFORMATION_FORMAT = "dwarf-with-dsym";
				ENABLE_STRICT_OBJC_MSGSEND = YES;
				GCC_C_LANGUAGE_STANDARD = gnu99;
				GCC_DYNAMIC_NO_PIC = NO;
				GCC_NO_COMMON_BLOCKS = YES;
				GCC_OPTIMIZATION_LEVEL = 0;
				GCC_PREPROCESSOR_DEFINITIONS = (
					"DEBUG=1",
					"$(inherited)",
				);
				GCC_SYMBOLS_PRIVATE_EXTERN = NO;
				GCC_WARN_64_TO_32_BIT_CONVERSION = YES;
				GCC_WARN_ABOUT_RETURN_TYPE = YES_ERROR;
				GCC_WARN_UNDECLARED_SELECTOR = YES;
				GCC_WARN_UNINITIALIZED_AUTOS = YES_AGGRESSIVE;
				GCC_WARN_UNUSED_FUNCTION = YES;
				GCC_WARN_UNUSED_VARIABLE = YES;
				IPHONEOS_DEPLOYMENT_TARGET = 8.4;
				MTL_ENABLE_DEBUG_INFO = YES;
				ONLY_ACTIVE_ARCH = YES;
				SDKROOT = iphoneos;
				SWIFT_OPTIMIZATION_LEVEL = "-Onone";
			};
			name = Debug;
		};
		9AAD20611B82A22F0053F743 /* Release */ = {
			isa = XCBuildConfiguration;
			buildSettings = {
				ALWAYS_SEARCH_USER_PATHS = NO;
				CLANG_CXX_LANGUAGE_STANDARD = "gnu++0x";
				CLANG_CXX_LIBRARY = "libc++";
				CLANG_ENABLE_MODULES = YES;
				CLANG_ENABLE_OBJC_ARC = YES;
				CLANG_WARN_BOOL_CONVERSION = YES;
				CLANG_WARN_CONSTANT_CONVERSION = YES;
				CLANG_WARN_DIRECT_OBJC_ISA_USAGE = YES_ERROR;
				CLANG_WARN_EMPTY_BODY = YES;
				CLANG_WARN_ENUM_CONVERSION = YES;
				CLANG_WARN_INT_CONVERSION = YES;
				CLANG_WARN_OBJC_ROOT_CLASS = YES_ERROR;
				CLANG_WARN_UNREACHABLE_CODE = YES;
				CLANG_WARN__DUPLICATE_METHOD_MATCH = YES;
				"CODE_SIGN_IDENTITY[sdk=iphoneos*]" = "iPhone Developer";
				COPY_PHASE_STRIP = NO;
				DEBUG_INFORMATION_FORMAT = "dwarf-with-dsym";
				ENABLE_NS_ASSERTIONS = NO;
				ENABLE_STRICT_OBJC_MSGSEND = YES;
				GCC_C_LANGUAGE_STANDARD = gnu99;
				GCC_NO_COMMON_BLOCKS = YES;
				GCC_WARN_64_TO_32_BIT_CONVERSION = YES;
				GCC_WARN_ABOUT_RETURN_TYPE = YES_ERROR;
				GCC_WARN_UNDECLARED_SELECTOR = YES;
				GCC_WARN_UNINITIALIZED_AUTOS = YES_AGGRESSIVE;
				GCC_WARN_UNUSED_FUNCTION = YES;
				GCC_WARN_UNUSED_VARIABLE = YES;
				IPHONEOS_DEPLOYMENT_TARGET = 8.4;
				MTL_ENABLE_DEBUG_INFO = NO;
				SDKROOT = iphoneos;
				VALIDATE_PRODUCT = YES;
			};
			name = Release;
		};
		9AAD20631B82A22F0053F743 /* Debug */ = {
			isa = XCBuildConfiguration;
			baseConfigurationReference = 12BC73E1CC021A3521FB56B1 /* Pods.debug.xcconfig */;
			buildSettings = {
				ASSETCATALOG_COMPILER_APPICON_NAME = AppIcon;
				CODE_SIGN_IDENTITY = "iPhone Developer: David Ilizarov (D4RM9QEJDK)";
				"CODE_SIGN_IDENTITY[sdk=iphoneos*]" = "iPhone Developer";
				EMBEDDED_CONTENT_CONTAINS_SWIFT = YES;
				INFOPLIST_FILE = Community/Info.plist;
				LD_RUNPATH_SEARCH_PATHS = "$(inherited) @executable_path/Frameworks";
				PRODUCT_NAME = "$(TARGET_NAME)";
				PROVISIONING_PROFILE = "";
				SWIFT_INSTALL_OBJC_HEADER = YES;
				SWIFT_OBJC_BRIDGING_HEADER = "/Users/dilizarov/Code/Community/iOS/Community/Community/Community-Bridging-Header.h";
			};
			name = Debug;
		};
		9AAD20641B82A22F0053F743 /* Release */ = {
			isa = XCBuildConfiguration;
			baseConfigurationReference = 066B46063845E40386972153 /* Pods.release.xcconfig */;
			buildSettings = {
				ASSETCATALOG_COMPILER_APPICON_NAME = AppIcon;
				CODE_SIGN_IDENTITY = "iPhone Developer: David Ilizarov (D4RM9QEJDK)";
				"CODE_SIGN_IDENTITY[sdk=iphoneos*]" = "iPhone Developer";
				EMBEDDED_CONTENT_CONTAINS_SWIFT = YES;
				INFOPLIST_FILE = Community/Info.plist;
				LD_RUNPATH_SEARCH_PATHS = "$(inherited) @executable_path/Frameworks";
				PRODUCT_NAME = "$(TARGET_NAME)";
				PROVISIONING_PROFILE = "";
				SWIFT_INSTALL_OBJC_HEADER = YES;
				SWIFT_OBJC_BRIDGING_HEADER = "/Users/dilizarov/Code/Community/iOS/Community/Community/Community-Bridging-Header.h";
			};
			name = Release;
		};
		9AAD20661B82A22F0053F743 /* Debug */ = {
			isa = XCBuildConfiguration;
			buildSettings = {
				BUNDLE_LOADER = "$(TEST_HOST)";
				FRAMEWORK_SEARCH_PATHS = (
					"$(SDKROOT)/Developer/Library/Frameworks",
					"$(inherited)",
				);
				GCC_PREPROCESSOR_DEFINITIONS = (
					"DEBUG=1",
					"$(inherited)",
				);
				INFOPLIST_FILE = CommunityTests/Info.plist;
				LD_RUNPATH_SEARCH_PATHS = "$(inherited) @executable_path/Frameworks @loader_path/Frameworks";
				PRODUCT_NAME = "$(TARGET_NAME)";
				TEST_HOST = "$(BUILT_PRODUCTS_DIR)/Community.app/Community";
			};
			name = Debug;
		};
		9AAD20671B82A22F0053F743 /* Release */ = {
			isa = XCBuildConfiguration;
			buildSettings = {
				BUNDLE_LOADER = "$(TEST_HOST)";
				FRAMEWORK_SEARCH_PATHS = (
					"$(SDKROOT)/Developer/Library/Frameworks",
					"$(inherited)",
				);
				INFOPLIST_FILE = CommunityTests/Info.plist;
				LD_RUNPATH_SEARCH_PATHS = "$(inherited) @executable_path/Frameworks @loader_path/Frameworks";
				PRODUCT_NAME = "$(TARGET_NAME)";
				TEST_HOST = "$(BUILT_PRODUCTS_DIR)/Community.app/Community";
			};
			name = Release;
		};
/* End XCBuildConfiguration section */

/* Begin XCConfigurationList section */
		9AAD203E1B82A22F0053F743 /* Build configuration list for PBXProject "Community" */ = {
			isa = XCConfigurationList;
			buildConfigurations = (
				9AAD20601B82A22F0053F743 /* Debug */,
				9AAD20611B82A22F0053F743 /* Release */,
			);
			defaultConfigurationIsVisible = 0;
			defaultConfigurationName = Release;
		};
		9AAD20621B82A22F0053F743 /* Build configuration list for PBXNativeTarget "Community" */ = {
			isa = XCConfigurationList;
			buildConfigurations = (
				9AAD20631B82A22F0053F743 /* Debug */,
				9AAD20641B82A22F0053F743 /* Release */,
			);
			defaultConfigurationIsVisible = 0;
			defaultConfigurationName = Release;
		};
		9AAD20651B82A22F0053F743 /* Build configuration list for PBXNativeTarget "CommunityTests" */ = {
			isa = XCConfigurationList;
			buildConfigurations = (
				9AAD20661B82A22F0053F743 /* Debug */,
				9AAD20671B82A22F0053F743 /* Release */,
			);
			defaultConfigurationIsVisible = 0;
			defaultConfigurationName = Release;
		};
/* End XCConfigurationList section */
	};
	rootObject = 9AAD203B1B82A22F0053F743 /* Project object */;
}
