// !$*UTF8*$!
{
	archiveVersion = 1;
	classes = {
	};
	objectVersion = 46;
	objects = {

/* Begin PBXBuildFile section */
		9A3D2C271B8AA0C400C10CC5 /* SearchTextField.swift in Sources */ = {isa = PBXBuildFile; fileRef = 9A3D2C261B8AA0C400C10CC5 /* SearchTextField.swift */; };
		9A3D2C2B1B8BFD4F00C10CC5 /* Extensions.swift in Sources */ = {isa = PBXBuildFile; fileRef = 9A3D2C2A1B8BFD4E00C10CC5 /* Extensions.swift */; };
		9A5566081B9FB60F005DDBA3 /* PostCell.swift in Sources */ = {isa = PBXBuildFile; fileRef = 9A5566071B9FB60F005DDBA3 /* PostCell.swift */; };
		9A55660C1B9FD955005DDBA3 /* Main.storyboard in Resources */ = {isa = PBXBuildFile; fileRef = 9A55660A1B9FD955005DDBA3 /* Main.storyboard */; };
		9A55660E1BA0168D005DDBA3 /* Post.swift in Sources */ = {isa = PBXBuildFile; fileRef = 9A55660D1BA0168C005DDBA3 /* Post.swift */; };
		9A5566141BA16F18005DDBA3 /* WritePostViewController.swift in Sources */ = {isa = PBXBuildFile; fileRef = 9A5566131BA16F16005DDBA3 /* WritePostViewController.swift */; };
		9A5566161BA2C512005DDBA3 /* JoinedCommunity.swift in Sources */ = {isa = PBXBuildFile; fileRef = 9A5566151BA2C511005DDBA3 /* JoinedCommunity.swift */; };
		9A55661D1BA41C8C005DDBA3 /* ProfileViewController.swift in Sources */ = {isa = PBXBuildFile; fileRef = 9A55661C1BA41C8C005DDBA3 /* ProfileViewController.swift */; };
		9A5566511BA78A2C005DDBA3 /* CommunityViewController.swift in Sources */ = {isa = PBXBuildFile; fileRef = 9A5566501BA78A2C005DDBA3 /* CommunityViewController.swift */; };
		9A5566531BA78E94005DDBA3 /* CommunityTableViewController.swift in Sources */ = {isa = PBXBuildFile; fileRef = 9A5566521BA78E94005DDBA3 /* CommunityTableViewController.swift */; };
		9A55665A1BA7E4FB005DDBA3 /* DKAssetGroupDetailVC.swift in Sources */ = {isa = PBXBuildFile; fileRef = 9A5566541BA7E4FB005DDBA3 /* DKAssetGroupDetailVC.swift */; };
		9A55665B1BA7E4FB005DDBA3 /* DKAssetGroupVC.swift in Sources */ = {isa = PBXBuildFile; fileRef = 9A5566551BA7E4FB005DDBA3 /* DKAssetGroupVC.swift */; };
		9A55665C1BA7E4FB005DDBA3 /* DKImagePickerController.bundle in Resources */ = {isa = PBXBuildFile; fileRef = 9A5566561BA7E4FB005DDBA3 /* DKImagePickerController.bundle */; };
		9A55665D1BA7E4FB005DDBA3 /* DKImagePickerController.swift in Sources */ = {isa = PBXBuildFile; fileRef = 9A5566571BA7E4FB005DDBA3 /* DKImagePickerController.swift */; };
		9A55665E1BA7E4FB005DDBA3 /* DKImageResource.swift in Sources */ = {isa = PBXBuildFile; fileRef = 9A5566581BA7E4FB005DDBA3 /* DKImageResource.swift */; };
		9A55665F1BA7E4FB005DDBA3 /* DKPopoverViewController.swift in Sources */ = {isa = PBXBuildFile; fileRef = 9A5566591BA7E4FB005DDBA3 /* DKPopoverViewController.swift */; };
		9A5566651BA7FD5C005DDBA3 /* ProfileTableViewController.swift in Sources */ = {isa = PBXBuildFile; fileRef = 9A5566641BA7FD5C005DDBA3 /* ProfileTableViewController.swift */; };
		9A5566971BAA0708005DDBA3 /* CommunitySettingsViewController.swift in Sources */ = {isa = PBXBuildFile; fileRef = 9A5566961BAA0707005DDBA3 /* CommunitySettingsViewController.swift */; };
		9A5566991BACB722005DDBA3 /* RepliesViewController.swift in Sources */ = {isa = PBXBuildFile; fileRef = 9A5566981BACB722005DDBA3 /* RepliesViewController.swift */; };
		9A55669B1BACC10E005DDBA3 /* ReplyCell.swift in Sources */ = {isa = PBXBuildFile; fileRef = 9A55669A1BACC10E005DDBA3 /* ReplyCell.swift */; };
		9A55669D1BACD00A005DDBA3 /* ReplyPostCell.swift in Sources */ = {isa = PBXBuildFile; fileRef = 9A55669C1BACD00A005DDBA3 /* ReplyPostCell.swift */; };
		9A55669F1BAD19DD005DDBA3 /* RepliesTableViewController.swift in Sources */ = {isa = PBXBuildFile; fileRef = 9A55669E1BAD19DC005DDBA3 /* RepliesTableViewController.swift */; };
		9A5566AA1BAD3CD6005DDBA3 /* PHFComposeBarView.m in Sources */ = {isa = PBXBuildFile; fileRef = 9A5566A31BAD3CD6005DDBA3 /* PHFComposeBarView.m */; };
		9A5566AB1BAD3CD6005DDBA3 /* PHFComposeBarView_Button.m in Sources */ = {isa = PBXBuildFile; fileRef = 9A5566A51BAD3CD6005DDBA3 /* PHFComposeBarView_Button.m */; };
		9A5566AC1BAD3CD6005DDBA3 /* PHFComposeBarView_TextView.m in Sources */ = {isa = PBXBuildFile; fileRef = 9A5566A71BAD3CD6005DDBA3 /* PHFComposeBarView_TextView.m */; };
		9A5566AD1BAD3CD6005DDBA3 /* PHFDelegateChain.m in Sources */ = {isa = PBXBuildFile; fileRef = 9A5566A91BAD3CD6005DDBA3 /* PHFDelegateChain.m */; };
		9A5566B11BAEAE07005DDBA3 /* RoundedView.swift in Sources */ = {isa = PBXBuildFile; fileRef = 9A5566B01BAEAE07005DDBA3 /* RoundedView.swift */; };
		9A5FC6191BBDB095001937C5 /* UsernameGeneratorViewController.swift in Sources */ = {isa = PBXBuildFile; fileRef = 9A5FC6181BBDB095001937C5 /* UsernameGeneratorViewController.swift */; };
		9A5FC61B1BBEF232001937C5 /* Router.swift in Sources */ = {isa = PBXBuildFile; fileRef = 9A5FC61A1BBEF231001937C5 /* Router.swift */; };
		9A5FC61D1BBF69E2001937C5 /* Session.swift in Sources */ = {isa = PBXBuildFile; fileRef = 9A5FC61C1BBF69E2001937C5 /* Session.swift */; };
		9A5FC61F1BC306AB001937C5 /* LoginViewController.swift in Sources */ = {isa = PBXBuildFile; fileRef = 9A5FC61E1BC306AB001937C5 /* LoginViewController.swift */; };
		9A5FC6211BC35FDD001937C5 /* CreateAccountViewController.swift in Sources */ = {isa = PBXBuildFile; fileRef = 9A5FC6201BC35FDD001937C5 /* CreateAccountViewController.swift */; };
		9A5FC6231BCB68B5001937C5 /* Notification.swift in Sources */ = {isa = PBXBuildFile; fileRef = 9A5FC6221BCB68B4001937C5 /* Notification.swift */; };
		9A5FC6251BCB8331001937C5 /* NotificationCell.swift in Sources */ = {isa = PBXBuildFile; fileRef = 9A5FC6241BCB8330001937C5 /* NotificationCell.swift */; };
		9A5FC6291BD031DE001937C5 /* TermsOfService.html in Resources */ = {isa = PBXBuildFile; fileRef = 9A5FC6281BD031DD001937C5 /* TermsOfService.html */; };
		9A5FC62B1BD035E5001937C5 /* TermsOfServiceViewController.swift in Sources */ = {isa = PBXBuildFile; fileRef = 9A5FC62A1BD035E5001937C5 /* TermsOfServiceViewController.swift */; };
		9A735F2E1BD179DA00EC01BB /* AkiraTextField.swift in Sources */ = {isa = PBXBuildFile; fileRef = 9A735F251BD179DA00EC01BB /* AkiraTextField.swift */; };
		9A735F2F1BD179DA00EC01BB /* HoshiTextField.swift in Sources */ = {isa = PBXBuildFile; fileRef = 9A735F261BD179DA00EC01BB /* HoshiTextField.swift */; };
		9A735F301BD179DA00EC01BB /* IsaoTextField.swift in Sources */ = {isa = PBXBuildFile; fileRef = 9A735F271BD179DA00EC01BB /* IsaoTextField.swift */; };
		9A735F311BD179DA00EC01BB /* JiroTextField.swift in Sources */ = {isa = PBXBuildFile; fileRef = 9A735F281BD179DA00EC01BB /* JiroTextField.swift */; };
		9A735F321BD179DA00EC01BB /* KaedeTextField.swift in Sources */ = {isa = PBXBuildFile; fileRef = 9A735F291BD179DA00EC01BB /* KaedeTextField.swift */; };
		9A735F331BD179DA00EC01BB /* MadokaTextField.swift in Sources */ = {isa = PBXBuildFile; fileRef = 9A735F2A1BD179DA00EC01BB /* MadokaTextField.swift */; };
		9A735F341BD179DA00EC01BB /* MinoruTextField.swift in Sources */ = {isa = PBXBuildFile; fileRef = 9A735F2B1BD179DA00EC01BB /* MinoruTextField.swift */; };
		9A735F351BD179DA00EC01BB /* TextFieldsEffects.swift in Sources */ = {isa = PBXBuildFile; fileRef = 9A735F2C1BD179DA00EC01BB /* TextFieldsEffects.swift */; };
		9A735F361BD179DA00EC01BB /* YokoTextField.swift in Sources */ = {isa = PBXBuildFile; fileRef = 9A735F2D1BD179DA00EC01BB /* YokoTextField.swift */; };
		9AA526861B89CF4C00900383 /* QuartzCore.framework in Frameworks */ = {isa = PBXBuildFile; fileRef = 9AA526851B89CF4C00900383 /* QuartzCore.framework */; };
		9AA613601B8464F0004911C2 /* CommunityCell.swift in Sources */ = {isa = PBXBuildFile; fileRef = 9AA6135F1B8464F0004911C2 /* CommunityCell.swift */; };
		9AAD20491B82A22F0053F743 /* AppDelegate.swift in Sources */ = {isa = PBXBuildFile; fileRef = 9AAD20481B82A22F0053F743 /* AppDelegate.swift */; };
		9AAD204B1B82A22F0053F743 /* SearchViewController.swift in Sources */ = {isa = PBXBuildFile; fileRef = 9AAD204A1B82A22F0053F743 /* SearchViewController.swift */; };
		9AAD20501B82A22F0053F743 /* Images.xcassets in Resources */ = {isa = PBXBuildFile; fileRef = 9AAD204F1B82A22F0053F743 /* Images.xcassets */; };
		9AAD20531B82A22F0053F743 /* LaunchScreen.xib in Resources */ = {isa = PBXBuildFile; fileRef = 9AAD20511B82A22F0053F743 /* LaunchScreen.xib */; };
		9AAD205F1B82A22F0053F743 /* CommunityTests.swift in Sources */ = {isa = PBXBuildFile; fileRef = 9AAD205E1B82A22F0053F743 /* CommunityTests.swift */; };
		9AB8D00F1BB23C2200516551 /* Reply.swift in Sources */ = {isa = PBXBuildFile; fileRef = 9AB8D00E1BB23C2200516551 /* Reply.swift */; };
		9AC6220B1BB0FFF000347F8D /* ContainerView.swift in Sources */ = {isa = PBXBuildFile; fileRef = 9AC6220A1BB0FFF000347F8D /* ContainerView.swift */; };
		9AC622171BB222D200347F8D /* EKAvoidingInsetCalculator.m in Sources */ = {isa = PBXBuildFile; fileRef = 9AC6220E1BB222D100347F8D /* EKAvoidingInsetCalculator.m */; };
		9AC622181BB222D200347F8D /* EKKeyboardAvoidingProvider.m in Sources */ = {isa = PBXBuildFile; fileRef = 9AC622101BB222D100347F8D /* EKKeyboardAvoidingProvider.m */; };
		9AC622191BB222D200347F8D /* EKKeyboardFrameListener.m in Sources */ = {isa = PBXBuildFile; fileRef = 9AC622121BB222D100347F8D /* EKKeyboardFrameListener.m */; };
		9AC6221A1BB222D200347F8D /* NSObject+EKKeyboardAvoiding.m in Sources */ = {isa = PBXBuildFile; fileRef = 9AC622141BB222D100347F8D /* NSObject+EKKeyboardAvoiding.m */; };
		9AC6221B1BB222D200347F8D /* UIScrollView+EKKeyboardAvoiding.m in Sources */ = {isa = PBXBuildFile; fileRef = 9AC622161BB222D100347F8D /* UIScrollView+EKKeyboardAvoiding.m */; };
		9AD3B4B01B8E81D900357860 /* Delegates.swift in Sources */ = {isa = PBXBuildFile; fileRef = 9AD3B4AF1B8E81D900357860 /* Delegates.swift */; };
		9AE113D61BB7412400005F30 /* NoRepliesCell.swift in Sources */ = {isa = PBXBuildFile; fileRef = 9AE113D51BB7412400005F30 /* NoRepliesCell.swift */; };
		9AE113D81BB7D29E00005F30 /* NoPostsCell.swift in Sources */ = {isa = PBXBuildFile; fileRef = 9AE113D71BB7D29E00005F30 /* NoPostsCell.swift */; };
		9AF4BC291BB9DB9400426A7E /* Welcome.storyboard in Resources */ = {isa = PBXBuildFile; fileRef = 9AF4BC281BB9DB9400426A7E /* Welcome.storyboard */; };
		9AF4BC2E1BBB303500426A7E /* PrivacyPolicyViewController.swift in Sources */ = {isa = PBXBuildFile; fileRef = 9AF4BC2D1BBB303500426A7E /* PrivacyPolicyViewController.swift */; };
		9AF4BC301BBB6A8A00426A7E /* ShareCommunityViewController.swift in Sources */ = {isa = PBXBuildFile; fileRef = 9AF4BC2F1BBB6A8A00426A7E /* ShareCommunityViewController.swift */; };
		9AF4BC321BBC77A900426A7E /* ChatWithUsViewController.swift in Sources */ = {isa = PBXBuildFile; fileRef = 9AF4BC311BBC77A900426A7E /* ChatWithUsViewController.swift */; };
		9AF4BC341BBC996300426A7E /* ImportantDocumentsViewController.swift in Sources */ = {isa = PBXBuildFile; fileRef = 9AF4BC331BBC996200426A7E /* ImportantDocumentsViewController.swift */; };
		9AF4BC361BBCB19A00426A7E /* WelcomeCreateAccountViewController.swift in Sources */ = {isa = PBXBuildFile; fileRef = 9AF4BC351BBCB19A00426A7E /* WelcomeCreateAccountViewController.swift */; };
		9CD1118C8AAD2ACAFAF5D95C /* Pods.framework in Frameworks */ = {isa = PBXBuildFile; fileRef = 11CFFFB983B375515C97E45F /* Pods.framework */; };
/* End PBXBuildFile section */

/* Begin PBXContainerItemProxy section */
		9AAD20591B82A22F0053F743 /* PBXContainerItemProxy */ = {
			isa = PBXContainerItemProxy;
			containerPortal = 9AAD203B1B82A22F0053F743 /* Project object */;
			proxyType = 1;
			remoteGlobalIDString = 9AAD20421B82A22F0053F743;
			remoteInfo = Community;
		};
/* End PBXContainerItemProxy section */

/* Begin PBXFileReference section */
		066B46063845E40386972153 /* Pods.release.xcconfig */ = {isa = PBXFileReference; includeInIndex = 1; lastKnownFileType = text.xcconfig; name = Pods.release.xcconfig; path = "Pods/Target Support Files/Pods/Pods.release.xcconfig"; sourceTree = "<group>"; };
		11CFFFB983B375515C97E45F /* Pods.framework */ = {isa = PBXFileReference; explicitFileType = wrapper.framework; includeInIndex = 0; path = Pods.framework; sourceTree = BUILT_PRODUCTS_DIR; };
		12BC73E1CC021A3521FB56B1 /* Pods.debug.xcconfig */ = {isa = PBXFileReference; includeInIndex = 1; lastKnownFileType = text.xcconfig; name = Pods.debug.xcconfig; path = "Pods/Target Support Files/Pods/Pods.debug.xcconfig"; sourceTree = "<group>"; };
		9A3D2C261B8AA0C400C10CC5 /* SearchTextField.swift */ = {isa = PBXFileReference; fileEncoding = 4; lastKnownFileType = sourcecode.swift; path = SearchTextField.swift; sourceTree = "<group>"; };
		9A3D2C2A1B8BFD4E00C10CC5 /* Extensions.swift */ = {isa = PBXFileReference; fileEncoding = 4; lastKnownFileType = sourcecode.swift; path = Extensions.swift; sourceTree = "<group>"; };
		9A5566071B9FB60F005DDBA3 /* PostCell.swift */ = {isa = PBXFileReference; fileEncoding = 4; lastKnownFileType = sourcecode.swift; path = PostCell.swift; sourceTree = "<group>"; };
		9A55660B1B9FD955005DDBA3 /* Base */ = {isa = PBXFileReference; lastKnownFileType = file.storyboard; name = Base; path = Base.lproj/Main.storyboard; sourceTree = "<group>"; };
		9A55660D1BA0168C005DDBA3 /* Post.swift */ = {isa = PBXFileReference; fileEncoding = 4; lastKnownFileType = sourcecode.swift; path = Post.swift; sourceTree = "<group>"; };
		9A5566121BA049EE005DDBA3 /* Community-Bridging-Header.h */ = {isa = PBXFileReference; lastKnownFileType = sourcecode.c.h; path = "Community-Bridging-Header.h"; sourceTree = "<group>"; };
		9A5566131BA16F16005DDBA3 /* WritePostViewController.swift */ = {isa = PBXFileReference; fileEncoding = 4; lastKnownFileType = sourcecode.swift; path = WritePostViewController.swift; sourceTree = "<group>"; };
		9A5566151BA2C511005DDBA3 /* JoinedCommunity.swift */ = {isa = PBXFileReference; fileEncoding = 4; lastKnownFileType = sourcecode.swift; path = JoinedCommunity.swift; sourceTree = "<group>"; };
		9A55661C1BA41C8C005DDBA3 /* ProfileViewController.swift */ = {isa = PBXFileReference; fileEncoding = 4; lastKnownFileType = sourcecode.swift; path = ProfileViewController.swift; sourceTree = "<group>"; };
		9A5566501BA78A2C005DDBA3 /* CommunityViewController.swift */ = {isa = PBXFileReference; fileEncoding = 4; lastKnownFileType = sourcecode.swift; path = CommunityViewController.swift; sourceTree = "<group>"; };
		9A5566521BA78E94005DDBA3 /* CommunityTableViewController.swift */ = {isa = PBXFileReference; fileEncoding = 4; lastKnownFileType = sourcecode.swift; path = CommunityTableViewController.swift; sourceTree = "<group>"; };
		9A5566541BA7E4FB005DDBA3 /* DKAssetGroupDetailVC.swift */ = {isa = PBXFileReference; fileEncoding = 4; lastKnownFileType = sourcecode.swift; path = DKAssetGroupDetailVC.swift; sourceTree = "<group>"; };
		9A5566551BA7E4FB005DDBA3 /* DKAssetGroupVC.swift */ = {isa = PBXFileReference; fileEncoding = 4; lastKnownFileType = sourcecode.swift; path = DKAssetGroupVC.swift; sourceTree = "<group>"; };
		9A5566561BA7E4FB005DDBA3 /* DKImagePickerController.bundle */ = {isa = PBXFileReference; lastKnownFileType = "wrapper.plug-in"; path = DKImagePickerController.bundle; sourceTree = "<group>"; };
		9A5566571BA7E4FB005DDBA3 /* DKImagePickerController.swift */ = {isa = PBXFileReference; fileEncoding = 4; lastKnownFileType = sourcecode.swift; path = DKImagePickerController.swift; sourceTree = "<group>"; };
		9A5566581BA7E4FB005DDBA3 /* DKImageResource.swift */ = {isa = PBXFileReference; fileEncoding = 4; lastKnownFileType = sourcecode.swift; path = DKImageResource.swift; sourceTree = "<group>"; };
		9A5566591BA7E4FB005DDBA3 /* DKPopoverViewController.swift */ = {isa = PBXFileReference; fileEncoding = 4; lastKnownFileType = sourcecode.swift; path = DKPopoverViewController.swift; sourceTree = "<group>"; };
		9A5566641BA7FD5C005DDBA3 /* ProfileTableViewController.swift */ = {isa = PBXFileReference; fileEncoding = 4; lastKnownFileType = sourcecode.swift; path = ProfileTableViewController.swift; sourceTree = "<group>"; };
		9A5566961BAA0707005DDBA3 /* CommunitySettingsViewController.swift */ = {isa = PBXFileReference; fileEncoding = 4; lastKnownFileType = sourcecode.swift; path = CommunitySettingsViewController.swift; sourceTree = "<group>"; };
		9A5566981BACB722005DDBA3 /* RepliesViewController.swift */ = {isa = PBXFileReference; fileEncoding = 4; lastKnownFileType = sourcecode.swift; path = RepliesViewController.swift; sourceTree = "<group>"; };
		9A55669A1BACC10E005DDBA3 /* ReplyCell.swift */ = {isa = PBXFileReference; fileEncoding = 4; lastKnownFileType = sourcecode.swift; path = ReplyCell.swift; sourceTree = "<group>"; };
		9A55669C1BACD00A005DDBA3 /* ReplyPostCell.swift */ = {isa = PBXFileReference; fileEncoding = 4; lastKnownFileType = sourcecode.swift; path = ReplyPostCell.swift; sourceTree = "<group>"; };
		9A55669E1BAD19DC005DDBA3 /* RepliesTableViewController.swift */ = {isa = PBXFileReference; fileEncoding = 4; lastKnownFileType = sourcecode.swift; path = RepliesTableViewController.swift; sourceTree = "<group>"; };
		9A5566A21BAD3CD6005DDBA3 /* PHFComposeBarView.h */ = {isa = PBXFileReference; fileEncoding = 4; lastKnownFileType = sourcecode.c.h; path = PHFComposeBarView.h; sourceTree = "<group>"; };
		9A5566A31BAD3CD6005DDBA3 /* PHFComposeBarView.m */ = {isa = PBXFileReference; fileEncoding = 4; lastKnownFileType = sourcecode.c.objc; path = PHFComposeBarView.m; sourceTree = "<group>"; };
		9A5566A41BAD3CD6005DDBA3 /* PHFComposeBarView_Button.h */ = {isa = PBXFileReference; fileEncoding = 4; lastKnownFileType = sourcecode.c.h; path = PHFComposeBarView_Button.h; sourceTree = "<group>"; };
		9A5566A51BAD3CD6005DDBA3 /* PHFComposeBarView_Button.m */ = {isa = PBXFileReference; fileEncoding = 4; lastKnownFileType = sourcecode.c.objc; path = PHFComposeBarView_Button.m; sourceTree = "<group>"; };
		9A5566A61BAD3CD6005DDBA3 /* PHFComposeBarView_TextView.h */ = {isa = PBXFileReference; fileEncoding = 4; lastKnownFileType = sourcecode.c.h; path = PHFComposeBarView_TextView.h; sourceTree = "<group>"; };
		9A5566A71BAD3CD6005DDBA3 /* PHFComposeBarView_TextView.m */ = {isa = PBXFileReference; fileEncoding = 4; lastKnownFileType = sourcecode.c.objc; path = PHFComposeBarView_TextView.m; sourceTree = "<group>"; };
		9A5566A81BAD3CD6005DDBA3 /* PHFDelegateChain.h */ = {isa = PBXFileReference; fileEncoding = 4; lastKnownFileType = sourcecode.c.h; path = PHFDelegateChain.h; sourceTree = "<group>"; };
		9A5566A91BAD3CD6005DDBA3 /* PHFDelegateChain.m */ = {isa = PBXFileReference; fileEncoding = 4; lastKnownFileType = sourcecode.c.objc; path = PHFDelegateChain.m; sourceTree = "<group>"; };
		9A5566B01BAEAE07005DDBA3 /* RoundedView.swift */ = {isa = PBXFileReference; fileEncoding = 4; lastKnownFileType = sourcecode.swift; path = RoundedView.swift; sourceTree = "<group>"; };
		9A5FC6181BBDB095001937C5 /* UsernameGeneratorViewController.swift */ = {isa = PBXFileReference; fileEncoding = 4; lastKnownFileType = sourcecode.swift; path = UsernameGeneratorViewController.swift; sourceTree = "<group>"; };
		9A5FC61A1BBEF231001937C5 /* Router.swift */ = {isa = PBXFileReference; fileEncoding = 4; lastKnownFileType = sourcecode.swift; path = Router.swift; sourceTree = "<group>"; };
		9A5FC61C1BBF69E2001937C5 /* Session.swift */ = {isa = PBXFileReference; fileEncoding = 4; lastKnownFileType = sourcecode.swift; path = Session.swift; sourceTree = "<group>"; };
		9A5FC61E1BC306AB001937C5 /* LoginViewController.swift */ = {isa = PBXFileReference; fileEncoding = 4; lastKnownFileType = sourcecode.swift; path = LoginViewController.swift; sourceTree = "<group>"; };
		9A5FC6201BC35FDD001937C5 /* CreateAccountViewController.swift */ = {isa = PBXFileReference; fileEncoding = 4; lastKnownFileType = sourcecode.swift; path = CreateAccountViewController.swift; sourceTree = "<group>"; };
		9A5FC6221BCB68B4001937C5 /* Notification.swift */ = {isa = PBXFileReference; fileEncoding = 4; lastKnownFileType = sourcecode.swift; path = Notification.swift; sourceTree = "<group>"; };
		9A5FC6241BCB8330001937C5 /* NotificationCell.swift */ = {isa = PBXFileReference; fileEncoding = 4; lastKnownFileType = sourcecode.swift; path = NotificationCell.swift; sourceTree = "<group>"; };
		9A5FC6281BD031DD001937C5 /* TermsOfService.html */ = {isa = PBXFileReference; fileEncoding = 4; lastKnownFileType = text.html; path = TermsOfService.html; sourceTree = "<group>"; };
		9A5FC62A1BD035E5001937C5 /* TermsOfServiceViewController.swift */ = {isa = PBXFileReference; fileEncoding = 4; lastKnownFileType = sourcecode.swift; path = TermsOfServiceViewController.swift; sourceTree = "<group>"; };
		9A6E919E1BE49F3E003B3E1C /* Main.entitlements */ = {isa = PBXFileReference; lastKnownFileType = text.xml; path = Main.entitlements; sourceTree = "<group>"; };
		9A735F251BD179DA00EC01BB /* AkiraTextField.swift */ = {isa = PBXFileReference; fileEncoding = 4; lastKnownFileType = sourcecode.swift; path = AkiraTextField.swift; sourceTree = "<group>"; };
		9A735F261BD179DA00EC01BB /* HoshiTextField.swift */ = {isa = PBXFileReference; fileEncoding = 4; lastKnownFileType = sourcecode.swift; path = HoshiTextField.swift; sourceTree = "<group>"; };
		9A735F271BD179DA00EC01BB /* IsaoTextField.swift */ = {isa = PBXFileReference; fileEncoding = 4; lastKnownFileType = sourcecode.swift; path = IsaoTextField.swift; sourceTree = "<group>"; };
		9A735F281BD179DA00EC01BB /* JiroTextField.swift */ = {isa = PBXFileReference; fileEncoding = 4; lastKnownFileType = sourcecode.swift; path = JiroTextField.swift; sourceTree = "<group>"; };
		9A735F291BD179DA00EC01BB /* KaedeTextField.swift */ = {isa = PBXFileReference; fileEncoding = 4; lastKnownFileType = sourcecode.swift; path = KaedeTextField.swift; sourceTree = "<group>"; };
		9A735F2A1BD179DA00EC01BB /* MadokaTextField.swift */ = {isa = PBXFileReference; fileEncoding = 4; lastKnownFileType = sourcecode.swift; path = MadokaTextField.swift; sourceTree = "<group>"; };
		9A735F2B1BD179DA00EC01BB /* MinoruTextField.swift */ = {isa = PBXFileReference; fileEncoding = 4; lastKnownFileType = sourcecode.swift; path = MinoruTextField.swift; sourceTree = "<group>"; };
		9A735F2C1BD179DA00EC01BB /* TextFieldsEffects.swift */ = {isa = PBXFileReference; fileEncoding = 4; lastKnownFileType = sourcecode.swift; path = TextFieldsEffects.swift; sourceTree = "<group>"; };
		9A735F2D1BD179DA00EC01BB /* YokoTextField.swift */ = {isa = PBXFileReference; fileEncoding = 4; lastKnownFileType = sourcecode.swift; path = YokoTextField.swift; sourceTree = "<group>"; };
		9AA526851B89CF4C00900383 /* QuartzCore.framework */ = {isa = PBXFileReference; lastKnownFileType = wrapper.framework; name = QuartzCore.framework; path = System/Library/Frameworks/QuartzCore.framework; sourceTree = SDKROOT; };
		9AA6135F1B8464F0004911C2 /* CommunityCell.swift */ = {isa = PBXFileReference; fileEncoding = 4; lastKnownFileType = sourcecode.swift; path = CommunityCell.swift; sourceTree = "<group>"; };
		9AAD20431B82A22F0053F743 /* Main.app */ = {isa = PBXFileReference; explicitFileType = wrapper.application; includeInIndex = 0; path = Main.app; sourceTree = BUILT_PRODUCTS_DIR; };
		9AAD20471B82A22F0053F743 /* Info.plist */ = {isa = PBXFileReference; lastKnownFileType = text.plist.xml; path = Info.plist; sourceTree = "<group>"; };
		9AAD20481B82A22F0053F743 /* AppDelegate.swift */ = {isa = PBXFileReference; lastKnownFileType = sourcecode.swift; path = AppDelegate.swift; sourceTree = "<group>"; };
		9AAD204A1B82A22F0053F743 /* SearchViewController.swift */ = {isa = PBXFileReference; lastKnownFileType = sourcecode.swift; path = SearchViewController.swift; sourceTree = "<group>"; };
		9AAD204F1B82A22F0053F743 /* Images.xcassets */ = {isa = PBXFileReference; lastKnownFileType = folder.assetcatalog; path = Images.xcassets; sourceTree = "<group>"; };
		9AAD20521B82A22F0053F743 /* Base */ = {isa = PBXFileReference; lastKnownFileType = file.xib; name = Base; path = Base.lproj/LaunchScreen.xib; sourceTree = "<group>"; };
		9AAD20581B82A22F0053F743 /* CommunityTests.xctest */ = {isa = PBXFileReference; explicitFileType = wrapper.cfbundle; includeInIndex = 0; path = CommunityTests.xctest; sourceTree = BUILT_PRODUCTS_DIR; };
		9AAD205D1B82A22F0053F743 /* Info.plist */ = {isa = PBXFileReference; lastKnownFileType = text.plist.xml; path = Info.plist; sourceTree = "<group>"; };
		9AAD205E1B82A22F0053F743 /* CommunityTests.swift */ = {isa = PBXFileReference; lastKnownFileType = sourcecode.swift; path = CommunityTests.swift; sourceTree = "<group>"; };
		9AB8D00E1BB23C2200516551 /* Reply.swift */ = {isa = PBXFileReference; fileEncoding = 4; lastKnownFileType = sourcecode.swift; path = Reply.swift; sourceTree = "<group>"; };
		9AC6220A1BB0FFF000347F8D /* ContainerView.swift */ = {isa = PBXFileReference; fileEncoding = 4; lastKnownFileType = sourcecode.swift; path = ContainerView.swift; sourceTree = "<group>"; };
		9AC6220D1BB222D100347F8D /* EKAvoidingInsetCalculator.h */ = {isa = PBXFileReference; fileEncoding = 4; lastKnownFileType = sourcecode.c.h; path = EKAvoidingInsetCalculator.h; sourceTree = "<group>"; };
		9AC6220E1BB222D100347F8D /* EKAvoidingInsetCalculator.m */ = {isa = PBXFileReference; fileEncoding = 4; lastKnownFileType = sourcecode.c.objc; path = EKAvoidingInsetCalculator.m; sourceTree = "<group>"; };
		9AC6220F1BB222D100347F8D /* EKKeyboardAvoidingProvider.h */ = {isa = PBXFileReference; fileEncoding = 4; lastKnownFileType = sourcecode.c.h; path = EKKeyboardAvoidingProvider.h; sourceTree = "<group>"; };
		9AC622101BB222D100347F8D /* EKKeyboardAvoidingProvider.m */ = {isa = PBXFileReference; fileEncoding = 4; lastKnownFileType = sourcecode.c.objc; path = EKKeyboardAvoidingProvider.m; sourceTree = "<group>"; };
		9AC622111BB222D100347F8D /* EKKeyboardFrameListener.h */ = {isa = PBXFileReference; fileEncoding = 4; lastKnownFileType = sourcecode.c.h; path = EKKeyboardFrameListener.h; sourceTree = "<group>"; };
		9AC622121BB222D100347F8D /* EKKeyboardFrameListener.m */ = {isa = PBXFileReference; fileEncoding = 4; lastKnownFileType = sourcecode.c.objc; path = EKKeyboardFrameListener.m; sourceTree = "<group>"; };
		9AC622131BB222D100347F8D /* NSObject+EKKeyboardAvoiding.h */ = {isa = PBXFileReference; fileEncoding = 4; lastKnownFileType = sourcecode.c.h; path = "NSObject+EKKeyboardAvoiding.h"; sourceTree = "<group>"; };
		9AC622141BB222D100347F8D /* NSObject+EKKeyboardAvoiding.m */ = {isa = PBXFileReference; fileEncoding = 4; lastKnownFileType = sourcecode.c.objc; path = "NSObject+EKKeyboardAvoiding.m"; sourceTree = "<group>"; };
		9AC622151BB222D100347F8D /* UIScrollView+EKKeyboardAvoiding.h */ = {isa = PBXFileReference; fileEncoding = 4; lastKnownFileType = sourcecode.c.h; path = "UIScrollView+EKKeyboardAvoiding.h"; sourceTree = "<group>"; };
		9AC622161BB222D100347F8D /* UIScrollView+EKKeyboardAvoiding.m */ = {isa = PBXFileReference; fileEncoding = 4; lastKnownFileType = sourcecode.c.objc; path = "UIScrollView+EKKeyboardAvoiding.m"; sourceTree = "<group>"; };
		9AD3B4AF1B8E81D900357860 /* Delegates.swift */ = {isa = PBXFileReference; fileEncoding = 4; lastKnownFileType = sourcecode.swift; path = Delegates.swift; sourceTree = "<group>"; };
		9AE113D51BB7412400005F30 /* NoRepliesCell.swift */ = {isa = PBXFileReference; fileEncoding = 4; lastKnownFileType = sourcecode.swift; path = NoRepliesCell.swift; sourceTree = "<group>"; };
		9AE113D71BB7D29E00005F30 /* NoPostsCell.swift */ = {isa = PBXFileReference; fileEncoding = 4; lastKnownFileType = sourcecode.swift; path = NoPostsCell.swift; sourceTree = "<group>"; };
		9AF4BC281BB9DB9400426A7E /* Welcome.storyboard */ = {isa = PBXFileReference; fileEncoding = 4; lastKnownFileType = file.storyboard; path = Welcome.storyboard; sourceTree = "<group>"; };
		9AF4BC2D1BBB303500426A7E /* PrivacyPolicyViewController.swift */ = {isa = PBXFileReference; fileEncoding = 4; lastKnownFileType = sourcecode.swift; path = PrivacyPolicyViewController.swift; sourceTree = "<group>"; };
		9AF4BC2F1BBB6A8A00426A7E /* ShareCommunityViewController.swift */ = {isa = PBXFileReference; fileEncoding = 4; lastKnownFileType = sourcecode.swift; path = ShareCommunityViewController.swift; sourceTree = "<group>"; };
		9AF4BC311BBC77A900426A7E /* ChatWithUsViewController.swift */ = {isa = PBXFileReference; fileEncoding = 4; lastKnownFileType = sourcecode.swift; path = ChatWithUsViewController.swift; sourceTree = "<group>"; };
		9AF4BC331BBC996200426A7E /* ImportantDocumentsViewController.swift */ = {isa = PBXFileReference; fileEncoding = 4; lastKnownFileType = sourcecode.swift; path = ImportantDocumentsViewController.swift; sourceTree = "<group>"; };
		9AF4BC351BBCB19A00426A7E /* WelcomeCreateAccountViewController.swift */ = {isa = PBXFileReference; fileEncoding = 4; lastKnownFileType = sourcecode.swift; path = WelcomeCreateAccountViewController.swift; sourceTree = "<group>"; };
/* End PBXFileReference section */

/* Begin PBXFrameworksBuildPhase section */
		9AAD20401B82A22F0053F743 /* Frameworks */ = {
			isa = PBXFrameworksBuildPhase;
			buildActionMask = 2147483647;
			files = (
				9AA526861B89CF4C00900383 /* QuartzCore.framework in Frameworks */,
				9CD1118C8AAD2ACAFAF5D95C /* Pods.framework in Frameworks */,
			);
			runOnlyForDeploymentPostprocessing = 0;
		};
		9AAD20551B82A22F0053F743 /* Frameworks */ = {
			isa = PBXFrameworksBuildPhase;
			buildActionMask = 2147483647;
			files = (
			);
			runOnlyForDeploymentPostprocessing = 0;
		};
/* End PBXFrameworksBuildPhase section */

/* Begin PBXGroup section */
		766893C32D3850291B651045 /* Frameworks */ = {
			isa = PBXGroup;
			children = (
				9AA526851B89CF4C00900383 /* QuartzCore.framework */,
				11CFFFB983B375515C97E45F /* Pods.framework */,
			);
			name = Frameworks;
			sourceTree = "<group>";
		};
		9A3DED9C1B9155AF00B90556 /* DKImagePickerController */ = {
			isa = PBXGroup;
			children = (
				9A5566541BA7E4FB005DDBA3 /* DKAssetGroupDetailVC.swift */,
				9A5566551BA7E4FB005DDBA3 /* DKAssetGroupVC.swift */,
				9A5566561BA7E4FB005DDBA3 /* DKImagePickerController.bundle */,
				9A5566571BA7E4FB005DDBA3 /* DKImagePickerController.swift */,
				9A5566581BA7E4FB005DDBA3 /* DKImageResource.swift */,
				9A5566591BA7E4FB005DDBA3 /* DKPopoverViewController.swift */,
			);
			path = DKImagePickerController;
			sourceTree = "<group>";
		};
		9A5566A11BAD3C94005DDBA3 /* PHFComposeBar */ = {
			isa = PBXGroup;
			children = (
				9A5566AE1BAD3D1A005DDBA3 /* PHFComposeBarView */,
				9A5566AF1BAD3D30005DDBA3 /* PHFDelegateChain */,
			);
			path = PHFComposeBar;
			sourceTree = "<group>";
		};
		9A5566AE1BAD3D1A005DDBA3 /* PHFComposeBarView */ = {
			isa = PBXGroup;
			children = (
				9A5566A21BAD3CD6005DDBA3 /* PHFComposeBarView.h */,
				9A5566A31BAD3CD6005DDBA3 /* PHFComposeBarView.m */,
				9A5566A41BAD3CD6005DDBA3 /* PHFComposeBarView_Button.h */,
				9A5566A51BAD3CD6005DDBA3 /* PHFComposeBarView_Button.m */,
				9A5566A61BAD3CD6005DDBA3 /* PHFComposeBarView_TextView.h */,
				9A5566A71BAD3CD6005DDBA3 /* PHFComposeBarView_TextView.m */,
			);
			path = PHFComposeBarView;
			sourceTree = "<group>";
		};
		9A5566AF1BAD3D30005DDBA3 /* PHFDelegateChain */ = {
			isa = PBXGroup;
			children = (
				9A5566A81BAD3CD6005DDBA3 /* PHFDelegateChain.h */,
				9A5566A91BAD3CD6005DDBA3 /* PHFDelegateChain.m */,
			);
			path = PHFDelegateChain;
			sourceTree = "<group>";
		};
		9A735F241BD179CB00EC01BB /* TextFieldEffects */ = {
			isa = PBXGroup;
			children = (
				9A735F251BD179DA00EC01BB /* AkiraTextField.swift */,
				9A735F261BD179DA00EC01BB /* HoshiTextField.swift */,
				9A735F271BD179DA00EC01BB /* IsaoTextField.swift */,
				9A735F281BD179DA00EC01BB /* JiroTextField.swift */,
				9A735F291BD179DA00EC01BB /* KaedeTextField.swift */,
				9A735F2A1BD179DA00EC01BB /* MadokaTextField.swift */,
				9A735F2B1BD179DA00EC01BB /* MinoruTextField.swift */,
				9A735F2C1BD179DA00EC01BB /* TextFieldsEffects.swift */,
				9A735F2D1BD179DA00EC01BB /* YokoTextField.swift */,
			);
			path = TextFieldEffects;
			sourceTree = "<group>";
		};
		9AAD203A1B82A22F0053F743 = {
			isa = PBXGroup;
			children = (
				9AAD20451B82A22F0053F743 /* Community */,
				9AAD205B1B82A22F0053F743 /* CommunityTests */,
				766893C32D3850291B651045 /* Frameworks */,
				B5F817F0E7CB96DBA1F65791 /* Pods */,
				9AAD20441B82A22F0053F743 /* Products */,
			);
			sourceTree = "<group>";
		};
		9AAD20441B82A22F0053F743 /* Products */ = {
			isa = PBXGroup;
			children = (
				9AAD20431B82A22F0053F743 /* Main.app */,
				9AAD20581B82A22F0053F743 /* CommunityTests.xctest */,
			);
			name = Products;
			sourceTree = "<group>";
		};
		9AAD20451B82A22F0053F743 /* Community */ = {
			isa = PBXGroup;
			children = (
				9AE113D41BB7400800005F30 /* Cells */,
				9AF4BC271BB91B0A00426A7E /* Custom Views */,
				9A3DED9C1B9155AF00B90556 /* DKImagePickerController */,
				9AC6220C1BB2228200347F8D /* EKKeyboardAvoiding */,
				9AF4BC261BB91AEA00426A7E /* Models */,
				9A5566A11BAD3C94005DDBA3 /* PHFComposeBar */,
				9AAD20461B82A22F0053F743 /* Supporting Files */,
				9A735F241BD179CB00EC01BB /* TextFieldEffects */,
				9AD3B4B11B91283E00357860 /* ViewControllers */,
				9AAD20481B82A22F0053F743 /* AppDelegate.swift */,
				9A5566121BA049EE005DDBA3 /* Community-Bridging-Header.h */,
				9AD3B4AF1B8E81D900357860 /* Delegates.swift */,
				9A3D2C2A1B8BFD4E00C10CC5 /* Extensions.swift */,
				9AAD204F1B82A22F0053F743 /* Images.xcassets */,
				9AAD20511B82A22F0053F743 /* LaunchScreen.xib */,
				9A6E919E1BE49F3E003B3E1C /* Main.entitlements */,
				9A55660A1B9FD955005DDBA3 /* Main.storyboard */,
				9A5FC61A1BBEF231001937C5 /* Router.swift */,
				9A5FC61C1BBF69E2001937C5 /* Session.swift */,
				9A5FC6281BD031DD001937C5 /* TermsOfService.html */,
				9AF4BC281BB9DB9400426A7E /* Welcome.storyboard */,
			);
			path = Community;
			sourceTree = "<group>";
		};
		9AAD20461B82A22F0053F743 /* Supporting Files */ = {
			isa = PBXGroup;
			children = (
				9AAD20471B82A22F0053F743 /* Info.plist */,
			);
			path = "Supporting Files";
			sourceTree = "<group>";
		};
		9AAD205B1B82A22F0053F743 /* CommunityTests */ = {
			isa = PBXGroup;
			children = (
				9AAD205C1B82A22F0053F743 /* Supporting Files */,
				9AAD205E1B82A22F0053F743 /* CommunityTests.swift */,
			);
			path = CommunityTests;
			sourceTree = "<group>";
		};
		9AAD205C1B82A22F0053F743 /* Supporting Files */ = {
			isa = PBXGroup;
			children = (
				9AAD205D1B82A22F0053F743 /* Info.plist */,
			);
			path = "Supporting Files";
			sourceTree = "<group>";
		};
		9AC6220C1BB2228200347F8D /* EKKeyboardAvoiding */ = {
			isa = PBXGroup;
			children = (
				9AC6220D1BB222D100347F8D /* EKAvoidingInsetCalculator.h */,
				9AC6220E1BB222D100347F8D /* EKAvoidingInsetCalculator.m */,
				9AC6220F1BB222D100347F8D /* EKKeyboardAvoidingProvider.h */,
				9AC622101BB222D100347F8D /* EKKeyboardAvoidingProvider.m */,
				9AC622111BB222D100347F8D /* EKKeyboardFrameListener.h */,
				9AC622121BB222D100347F8D /* EKKeyboardFrameListener.m */,
				9AC622131BB222D100347F8D /* NSObject+EKKeyboardAvoiding.h */,
				9AC622141BB222D100347F8D /* NSObject+EKKeyboardAvoiding.m */,
				9AC622151BB222D100347F8D /* UIScrollView+EKKeyboardAvoiding.h */,
				9AC622161BB222D100347F8D /* UIScrollView+EKKeyboardAvoiding.m */,
			);
			path = EKKeyboardAvoiding;
			sourceTree = "<group>";
		};
		9AD3B4B11B91283E00357860 /* ViewControllers */ = {
			isa = PBXGroup;
			children = (
				9AF4BC2C1BBB300600426A7E /* Welcome */,
				9A5566961BAA0707005DDBA3 /* CommunitySettingsViewController.swift */,
				9A5566521BA78E94005DDBA3 /* CommunityTableViewController.swift */,
				9A5566501BA78A2C005DDBA3 /* CommunityViewController.swift */,
				9A5FC6201BC35FDD001937C5 /* CreateAccountViewController.swift */,
				9A5FC61E1BC306AB001937C5 /* LoginViewController.swift */,
				9A5566641BA7FD5C005DDBA3 /* ProfileTableViewController.swift */,
				9A55661C1BA41C8C005DDBA3 /* ProfileViewController.swift */,
				9A55669E1BAD19DC005DDBA3 /* RepliesTableViewController.swift */,
				9A5566981BACB722005DDBA3 /* RepliesViewController.swift */,
				9AAD204A1B82A22F0053F743 /* SearchViewController.swift */,
				9A5566131BA16F16005DDBA3 /* WritePostViewController.swift */,
			);
			path = ViewControllers;
			sourceTree = "<group>";
		};
		9AE113D41BB7400800005F30 /* Cells */ = {
			isa = PBXGroup;
			children = (
				9AA6135F1B8464F0004911C2 /* CommunityCell.swift */,
				9AE113D71BB7D29E00005F30 /* NoPostsCell.swift */,
				9AE113D51BB7412400005F30 /* NoRepliesCell.swift */,
				9A5FC6241BCB8330001937C5 /* NotificationCell.swift */,
				9A5566071B9FB60F005DDBA3 /* PostCell.swift */,
				9A55669A1BACC10E005DDBA3 /* ReplyCell.swift */,
				9A55669C1BACD00A005DDBA3 /* ReplyPostCell.swift */,
			);
			path = Cells;
			sourceTree = "<group>";
		};
		9AF4BC261BB91AEA00426A7E /* Models */ = {
			isa = PBXGroup;
			children = (
				9A5566151BA2C511005DDBA3 /* JoinedCommunity.swift */,
				9A5FC6221BCB68B4001937C5 /* Notification.swift */,
				9A55660D1BA0168C005DDBA3 /* Post.swift */,
				9AB8D00E1BB23C2200516551 /* Reply.swift */,
			);
			path = Models;
			sourceTree = "<group>";
		};
		9AF4BC271BB91B0A00426A7E /* Custom Views */ = {
			isa = PBXGroup;
			children = (
				9AC6220A1BB0FFF000347F8D /* ContainerView.swift */,
				9A5566B01BAEAE07005DDBA3 /* RoundedView.swift */,
				9A3D2C261B8AA0C400C10CC5 /* SearchTextField.swift */,
			);
			path = "Custom Views";
			sourceTree = "<group>";
		};
		9AF4BC2C1BBB300600426A7E /* Welcome */ = {
			isa = PBXGroup;
			children = (
				9AF4BC311BBC77A900426A7E /* ChatWithUsViewController.swift */,
				9AF4BC331BBC996200426A7E /* ImportantDocumentsViewController.swift */,
				9AF4BC2D1BBB303500426A7E /* PrivacyPolicyViewController.swift */,
				9AF4BC2F1BBB6A8A00426A7E /* ShareCommunityViewController.swift */,
				9A5FC62A1BD035E5001937C5 /* TermsOfServiceViewController.swift */,
				9A5FC6181BBDB095001937C5 /* UsernameGeneratorViewController.swift */,
				9AF4BC351BBCB19A00426A7E /* WelcomeCreateAccountViewController.swift */,
			);
			path = Welcome;
			sourceTree = "<group>";
		};
		B5F817F0E7CB96DBA1F65791 /* Pods */ = {
			isa = PBXGroup;
			children = (
				12BC73E1CC021A3521FB56B1 /* Pods.debug.xcconfig */,
				066B46063845E40386972153 /* Pods.release.xcconfig */,
			);
			name = Pods;
			sourceTree = "<group>";
		};
/* End PBXGroup section */

/* Begin PBXNativeTarget section */
		9AAD20421B82A22F0053F743 /* Community */ = {
			isa = PBXNativeTarget;
			buildConfigurationList = 9AAD20621B82A22F0053F743 /* Build configuration list for PBXNativeTarget "Community" */;
			buildPhases = (
				2A34A7CF9403EC157F38F3C9 /* Check Pods Manifest.lock */,
				9AAD203F1B82A22F0053F743 /* Sources */,
				9AAD20401B82A22F0053F743 /* Frameworks */,
				9AAD20411B82A22F0053F743 /* Resources */,
				FA893DBBF1595FB61A78914A /* Embed Pods Frameworks */,
				286623903FD577B39420DA25 /* Copy Pods Resources */,
			);
			buildRules = (
			);
			dependencies = (
			);
			name = Community;
			productName = Community;
			productReference = 9AAD20431B82A22F0053F743 /* Main.app */;
			productType = "com.apple.product-type.application";
		};
		9AAD20571B82A22F0053F743 /* CommunityTests */ = {
			isa = PBXNativeTarget;
			buildConfigurationList = 9AAD20651B82A22F0053F743 /* Build configuration list for PBXNativeTarget "CommunityTests" */;
			buildPhases = (
				9AAD20541B82A22F0053F743 /* Sources */,
				9AAD20551B82A22F0053F743 /* Frameworks */,
				9AAD20561B82A22F0053F743 /* Resources */,
			);
			buildRules = (
			);
			dependencies = (
				9AAD205A1B82A22F0053F743 /* PBXTargetDependency */,
			);
			name = CommunityTests;
			productName = CommunityTests;
			productReference = 9AAD20581B82A22F0053F743 /* CommunityTests.xctest */;
			productType = "com.apple.product-type.bundle.unit-test";
		};
/* End PBXNativeTarget section */

/* Begin PBXProject section */
		9AAD203B1B82A22F0053F743 /* Project object */ = {
			isa = PBXProject;
			attributes = {
				LastSwiftUpdateCheck = 0700;
				LastUpgradeCheck = 0640;
				ORGANIZATIONNAME = "David Ilizarov";
				TargetAttributes = {
					9AAD20421B82A22F0053F743 = {
						CreatedOnToolsVersion = 6.4;
						DevelopmentTeam = ULTD2T59T4;
						SystemCapabilities = {
							com.apple.BackgroundModes = {
								enabled = 1;
							};
							com.apple.SafariKeychain = {
								enabled = 1;
							};
						};
					};
					9AAD20571B82A22F0053F743 = {
						CreatedOnToolsVersion = 6.4;
						TestTargetID = 9AAD20421B82A22F0053F743;
					};
				};
			};
			buildConfigurationList = 9AAD203E1B82A22F0053F743 /* Build configuration list for PBXProject "Community" */;
			compatibilityVersion = "Xcode 3.2";
			developmentRegion = English;
			hasScannedForEncodings = 0;
			knownRegions = (
				en,
				Base,
			);
			mainGroup = 9AAD203A1B82A22F0053F743;
			productRefGroup = 9AAD20441B82A22F0053F743 /* Products */;
			projectDirPath = "";
			projectRoot = "";
			targets = (
				9AAD20421B82A22F0053F743 /* Community */,
				9AAD20571B82A22F0053F743 /* CommunityTests */,
			);
		};
/* End PBXProject section */

/* Begin PBXResourcesBuildPhase section */
		9AAD20411B82A22F0053F743 /* Resources */ = {
			isa = PBXResourcesBuildPhase;
			buildActionMask = 2147483647;
			files = (
				9AF4BC291BB9DB9400426A7E /* Welcome.storyboard in Resources */,
				9A5FC6291BD031DE001937C5 /* TermsOfService.html in Resources */,
				9AAD20531B82A22F0053F743 /* LaunchScreen.xib in Resources */,
				9AAD20501B82A22F0053F743 /* Images.xcassets in Resources */,
				9A55660C1B9FD955005DDBA3 /* Main.storyboard in Resources */,
				9A55665C1BA7E4FB005DDBA3 /* DKImagePickerController.bundle in Resources */,
			);
			runOnlyForDeploymentPostprocessing = 0;
		};
		9AAD20561B82A22F0053F743 /* Resources */ = {
			isa = PBXResourcesBuildPhase;
			buildActionMask = 2147483647;
			files = (
			);
			runOnlyForDeploymentPostprocessing = 0;
		};
/* End PBXResourcesBuildPhase section */

/* Begin PBXShellScriptBuildPhase section */
		286623903FD577B39420DA25 /* Copy Pods Resources */ = {
			isa = PBXShellScriptBuildPhase;
			buildActionMask = 2147483647;
			files = (
			);
			inputPaths = (
			);
			name = "Copy Pods Resources";
			outputPaths = (
			);
			runOnlyForDeploymentPostprocessing = 0;
			shellPath = /bin/sh;
			shellScript = "\"${SRCROOT}/Pods/Target Support Files/Pods/Pods-resources.sh\"\n";
			showEnvVarsInLog = 0;
		};
		2A34A7CF9403EC157F38F3C9 /* Check Pods Manifest.lock */ = {
			isa = PBXShellScriptBuildPhase;
			buildActionMask = 2147483647;
			files = (
			);
			inputPaths = (
			);
			name = "Check Pods Manifest.lock";
			outputPaths = (
			);
			runOnlyForDeploymentPostprocessing = 0;
			shellPath = /bin/sh;
			shellScript = "diff \"${PODS_ROOT}/../Podfile.lock\" \"${PODS_ROOT}/Manifest.lock\" > /dev/null\nif [[ $? != 0 ]] ; then\n    cat << EOM\nerror: The sandbox is not in sync with the Podfile.lock. Run 'pod install' or update your CocoaPods installation.\nEOM\n    exit 1\nfi\n";
			showEnvVarsInLog = 0;
		};
		FA893DBBF1595FB61A78914A /* Embed Pods Frameworks */ = {
			isa = PBXShellScriptBuildPhase;
			buildActionMask = 2147483647;
			files = (
			);
			inputPaths = (
			);
			name = "Embed Pods Frameworks";
			outputPaths = (
			);
			runOnlyForDeploymentPostprocessing = 0;
			shellPath = /bin/sh;
			shellScript = "\"${SRCROOT}/Pods/Target Support Files/Pods/Pods-frameworks.sh\"\n";
			showEnvVarsInLog = 0;
		};
/* End PBXShellScriptBuildPhase section */

/* Begin PBXSourcesBuildPhase section */
		9AAD203F1B82A22F0053F743 /* Sources */ = {
			isa = PBXSourcesBuildPhase;
			buildActionMask = 2147483647;
			files = (
				9A55665B1BA7E4FB005DDBA3 /* DKAssetGroupVC.swift in Sources */,
				9AE113D81BB7D29E00005F30 /* NoPostsCell.swift in Sources */,
				9A735F321BD179DA00EC01BB /* KaedeTextField.swift in Sources */,
				9AF4BC341BBC996300426A7E /* ImportantDocumentsViewController.swift in Sources */,
				9AC622181BB222D200347F8D /* EKKeyboardAvoidingProvider.m in Sources */,
				9A5566531BA78E94005DDBA3 /* CommunityTableViewController.swift in Sources */,
				9A55665A1BA7E4FB005DDBA3 /* DKAssetGroupDetailVC.swift in Sources */,
				9A735F351BD179DA00EC01BB /* TextFieldsEffects.swift in Sources */,
				9AC6220B1BB0FFF000347F8D /* ContainerView.swift in Sources */,
				9A5566081B9FB60F005DDBA3 /* PostCell.swift in Sources */,
				9A735F2E1BD179DA00EC01BB /* AkiraTextField.swift in Sources */,
				9AC622191BB222D200347F8D /* EKKeyboardFrameListener.m in Sources */,
				9AF4BC321BBC77A900426A7E /* ChatWithUsViewController.swift in Sources */,
				9A5566B11BAEAE07005DDBA3 /* RoundedView.swift in Sources */,
				9AD3B4B01B8E81D900357860 /* Delegates.swift in Sources */,
				9A5FC6191BBDB095001937C5 /* UsernameGeneratorViewController.swift in Sources */,
				9A55665E1BA7E4FB005DDBA3 /* DKImageResource.swift in Sources */,
				9A5FC61F1BC306AB001937C5 /* LoginViewController.swift in Sources */,
				9A735F311BD179DA00EC01BB /* JiroTextField.swift in Sources */,
				9A5FC61D1BBF69E2001937C5 /* Session.swift in Sources */,
				9AC6221A1BB222D200347F8D /* NSObject+EKKeyboardAvoiding.m in Sources */,
				9AAD204B1B82A22F0053F743 /* SearchViewController.swift in Sources */,
				9AF4BC301BBB6A8A00426A7E /* ShareCommunityViewController.swift in Sources */,
				9A5566141BA16F18005DDBA3 /* WritePostViewController.swift in Sources */,
				9A5FC6211BC35FDD001937C5 /* CreateAccountViewController.swift in Sources */,
				9AF4BC2E1BBB303500426A7E /* PrivacyPolicyViewController.swift in Sources */,
				9A5566AD1BAD3CD6005DDBA3 /* PHFDelegateChain.m in Sources */,
				9AB8D00F1BB23C2200516551 /* Reply.swift in Sources */,
				9A735F2F1BD179DA00EC01BB /* HoshiTextField.swift in Sources */,
				9A5FC6231BCB68B5001937C5 /* Notification.swift in Sources */,
				9A3D2C2B1B8BFD4F00C10CC5 /* Extensions.swift in Sources */,
				9AF4BC361BBCB19A00426A7E /* WelcomeCreateAccountViewController.swift in Sources */,
				9A5566AA1BAD3CD6005DDBA3 /* PHFComposeBarView.m in Sources */,
				9A5FC62B1BD035E5001937C5 /* TermsOfServiceViewController.swift in Sources */,
				9A55669B1BACC10E005DDBA3 /* ReplyCell.swift in Sources */,
				9A5566991BACB722005DDBA3 /* RepliesViewController.swift in Sources */,
				9A735F301BD179DA00EC01BB /* IsaoTextField.swift in Sources */,
				9A735F331BD179DA00EC01BB /* MadokaTextField.swift in Sources */,
				9A55665D1BA7E4FB005DDBA3 /* DKImagePickerController.swift in Sources */,
				9AE113D61BB7412400005F30 /* NoRepliesCell.swift in Sources */,
				9AAD20491B82A22F0053F743 /* AppDelegate.swift in Sources */,
				9A735F361BD179DA00EC01BB /* YokoTextField.swift in Sources */,
				9A55660E1BA0168D005DDBA3 /* Post.swift in Sources */,
				9A735F341BD179DA00EC01BB /* MinoruTextField.swift in Sources */,
				9A55669F1BAD19DD005DDBA3 /* RepliesTableViewController.swift in Sources */,
				9A5566511BA78A2C005DDBA3 /* CommunityViewController.swift in Sources */,
				9A5566161BA2C512005DDBA3 /* JoinedCommunity.swift in Sources */,
				9A55661D1BA41C8C005DDBA3 /* ProfileViewController.swift in Sources */,
				9A5566AB1BAD3CD6005DDBA3 /* PHFComposeBarView_Button.m in Sources */,
				9AC622171BB222D200347F8D /* EKAvoidingInsetCalculator.m in Sources */,
				9A5566971BAA0708005DDBA3 /* CommunitySettingsViewController.swift in Sources */,
				9A5FC61B1BBEF232001937C5 /* Router.swift in Sources */,
				9A5566AC1BAD3CD6005DDBA3 /* PHFComposeBarView_TextView.m in Sources */,
				9A55665F1BA7E4FB005DDBA3 /* DKPopoverViewController.swift in Sources */,
				9AC6221B1BB222D200347F8D /* UIScrollView+EKKeyboardAvoiding.m in Sources */,
				9AA613601B8464F0004911C2 /* CommunityCell.swift in Sources */,
				9A55669D1BACD00A005DDBA3 /* ReplyPostCell.swift in Sources */,
				9A3D2C271B8AA0C400C10CC5 /* SearchTextField.swift in Sources */,
				9A5FC6251BCB8331001937C5 /* NotificationCell.swift in Sources */,
				9A5566651BA7FD5C005DDBA3 /* ProfileTableViewController.swift in Sources */,
			);
			runOnlyForDeploymentPostprocessing = 0;
		};
		9AAD20541B82A22F0053F743 /* Sources */ = {
			isa = PBXSourcesBuildPhase;
			buildActionMask = 2147483647;
			files = (
				9AAD205F1B82A22F0053F743 /* CommunityTests.swift in Sources */,
			);
			runOnlyForDeploymentPostprocessing = 0;
		};
/* End PBXSourcesBuildPhase section */

/* Begin PBXTargetDependency section */
		9AAD205A1B82A22F0053F743 /* PBXTargetDependency */ = {
			isa = PBXTargetDependency;
			target = 9AAD20421B82A22F0053F743 /* Community */;
			targetProxy = 9AAD20591B82A22F0053F743 /* PBXContainerItemProxy */;
		};
/* End PBXTargetDependency section */

/* Begin PBXVariantGroup section */
		9A55660A1B9FD955005DDBA3 /* Main.storyboard */ = {
			isa = PBXVariantGroup;
			children = (
				9A55660B1B9FD955005DDBA3 /* Base */,
			);
			name = Main.storyboard;
			path = .;
			sourceTree = "<group>";
		};
		9AAD20511B82A22F0053F743 /* LaunchScreen.xib */ = {
			isa = PBXVariantGroup;
			children = (
				9AAD20521B82A22F0053F743 /* Base */,
			);
			name = LaunchScreen.xib;
			path = .;
			sourceTree = "<group>";
		};
/* End PBXVariantGroup section */

/* Begin XCBuildConfiguration section */
		9AAD20601B82A22F0053F743 /* Debug */ = {
			isa = XCBuildConfiguration;
			buildSettings = {
				ALWAYS_SEARCH_USER_PATHS = NO;
				CLANG_CXX_LANGUAGE_STANDARD = "gnu++0x";
				CLANG_CXX_LIBRARY = "libc++";
				CLANG_ENABLE_MODULES = YES;
				CLANG_ENABLE_OBJC_ARC = YES;
				CLANG_WARN_BOOL_CONVERSION = YES;
				CLANG_WARN_CONSTANT_CONVERSION = YES;
				CLANG_WARN_DIRECT_OBJC_ISA_USAGE = YES_ERROR;
				CLANG_WARN_EMPTY_BODY = YES;
				CLANG_WARN_ENUM_CONVERSION = YES;
				CLANG_WARN_INT_CONVERSION = YES;
				CLANG_WARN_OBJC_ROOT_CLASS = YES_ERROR;
				CLANG_WARN_UNREACHABLE_CODE = YES;
				CLANG_WARN__DUPLICATE_METHOD_MATCH = YES;
				"CODE_SIGN_IDENTITY[sdk=iphoneos*]" = "iPhone Developer";
				COPY_PHASE_STRIP = NO;
				DEBUG_INFORMATION_FORMAT = "dwarf-with-dsym";
				ENABLE_STRICT_OBJC_MSGSEND = YES;
				GCC_C_LANGUAGE_STANDARD = gnu99;
				GCC_DYNAMIC_NO_PIC = NO;
				GCC_NO_COMMON_BLOCKS = YES;
				GCC_OPTIMIZATION_LEVEL = 0;
				GCC_PREPROCESSOR_DEFINITIONS = (
					"DEBUG=1",
					"$(inherited)",
				);
				GCC_SYMBOLS_PRIVATE_EXTERN = NO;
				GCC_WARN_64_TO_32_BIT_CONVERSION = YES;
				GCC_WARN_ABOUT_RETURN_TYPE = YES_ERROR;
				GCC_WARN_UNDECLARED_SELECTOR = YES;
				GCC_WARN_UNINITIALIZED_AUTOS = YES_AGGRESSIVE;
				GCC_WARN_UNUSED_FUNCTION = YES;
				GCC_WARN_UNUSED_VARIABLE = YES;
				IPHONEOS_DEPLOYMENT_TARGET = 8.4;
				MTL_ENABLE_DEBUG_INFO = YES;
				ONLY_ACTIVE_ARCH = YES;
				SDKROOT = iphoneos;
				SWIFT_OPTIMIZATION_LEVEL = "-Onone";
			};
			name = Debug;
		};
		9AAD20611B82A22F0053F743 /* Release */ = {
			isa = XCBuildConfiguration;
			buildSettings = {
				ALWAYS_SEARCH_USER_PATHS = NO;
				CLANG_CXX_LANGUAGE_STANDARD = "gnu++0x";
				CLANG_CXX_LIBRARY = "libc++";
				CLANG_ENABLE_MODULES = YES;
				CLANG_ENABLE_OBJC_ARC = YES;
				CLANG_WARN_BOOL_CONVERSION = YES;
				CLANG_WARN_CONSTANT_CONVERSION = YES;
				CLANG_WARN_DIRECT_OBJC_ISA_USAGE = YES_ERROR;
				CLANG_WARN_EMPTY_BODY = YES;
				CLANG_WARN_ENUM_CONVERSION = YES;
				CLANG_WARN_INT_CONVERSION = YES;
				CLANG_WARN_OBJC_ROOT_CLASS = YES_ERROR;
				CLANG_WARN_UNREACHABLE_CODE = YES;
				CLANG_WARN__DUPLICATE_METHOD_MATCH = YES;
				"CODE_SIGN_IDENTITY[sdk=iphoneos*]" = "iPhone Developer";
				COPY_PHASE_STRIP = NO;
				DEBUG_INFORMATION_FORMAT = "dwarf-with-dsym";
				ENABLE_NS_ASSERTIONS = NO;
				ENABLE_STRICT_OBJC_MSGSEND = YES;
				GCC_C_LANGUAGE_STANDARD = gnu99;
				GCC_NO_COMMON_BLOCKS = YES;
				GCC_WARN_64_TO_32_BIT_CONVERSION = YES;
				GCC_WARN_ABOUT_RETURN_TYPE = YES_ERROR;
				GCC_WARN_UNDECLARED_SELECTOR = YES;
				GCC_WARN_UNINITIALIZED_AUTOS = YES_AGGRESSIVE;
				GCC_WARN_UNUSED_FUNCTION = YES;
				GCC_WARN_UNUSED_VARIABLE = YES;
				IPHONEOS_DEPLOYMENT_TARGET = 8.4;
				MTL_ENABLE_DEBUG_INFO = NO;
				SDKROOT = iphoneos;
				VALIDATE_PRODUCT = YES;
			};
			name = Release;
		};
		9AAD20631B82A22F0053F743 /* Debug */ = {
			isa = XCBuildConfiguration;
			baseConfigurationReference = 12BC73E1CC021A3521FB56B1 /* Pods.debug.xcconfig */;
			buildSettings = {
				ASSETCATALOG_COMPILER_APPICON_NAME = AppIcon;
				CODE_SIGN_ENTITLEMENTS = Community/Main.entitlements;
				CODE_SIGN_IDENTITY = "iPhone Developer";
				"CODE_SIGN_IDENTITY[sdk=iphoneos*]" = "iPhone Developer";
				EMBEDDED_CONTENT_CONTAINS_SWIFT = YES;
				INFOPLIST_FILE = "Community/Supporting Files/Info.plist";
				IPHONEOS_DEPLOYMENT_TARGET = 8.4;
				LD_RUNPATH_SEARCH_PATHS = "$(inherited) @executable_path/Frameworks";
				PRODUCT_BUNDLE_IDENTIFIER = com.community.Main;
				PRODUCT_NAME = Main;
				PROVISIONING_PROFILE = "";
				SWIFT_INSTALL_OBJC_HEADER = YES;
				SWIFT_OBJC_BRIDGING_HEADER = "/Users/dilizarov/Code/Community/iOS/Community/Community/Community-Bridging-Header.h";
			};
			name = Debug;
		};
		9AAD20641B82A22F0053F743 /* Release */ = {
			isa = XCBuildConfiguration;
			baseConfigurationReference = 066B46063845E40386972153 /* Pods.release.xcconfig */;
			buildSettings = {
				ASSETCATALOG_COMPILER_APPICON_NAME = AppIcon;
				CODE_SIGN_ENTITLEMENTS = Community/Main.entitlements;
				CODE_SIGN_IDENTITY = "iPhone Developer";
				"CODE_SIGN_IDENTITY[sdk=iphoneos*]" = "iPhone Developer";
				EMBEDDED_CONTENT_CONTAINS_SWIFT = YES;
				INFOPLIST_FILE = "Community/Supporting Files/Info.plist";
				IPHONEOS_DEPLOYMENT_TARGET = 8.4;
				LD_RUNPATH_SEARCH_PATHS = "$(inherited) @executable_path/Frameworks";
				PRODUCT_BUNDLE_IDENTIFIER = com.community.Main;
				PRODUCT_NAME = Main;
				PROVISIONING_PROFILE = "";
				SWIFT_INSTALL_OBJC_HEADER = YES;
				SWIFT_OBJC_BRIDGING_HEADER = "/Users/dilizarov/Code/Community/iOS/Community/Community/Community-Bridging-Header.h";
			};
			name = Release;
		};
		9AAD20661B82A22F0053F743 /* Debug */ = {
			isa = XCBuildConfiguration;
			buildSettings = {
				BUNDLE_LOADER = "$(TEST_HOST)";
				FRAMEWORK_SEARCH_PATHS = (
					"$(SDKROOT)/Developer/Library/Frameworks",
					"$(inherited)",
				);
				GCC_PREPROCESSOR_DEFINITIONS = (
					"DEBUG=1",
					"$(inherited)",
				);
				INFOPLIST_FILE = "CommunityTests/Supporting Files/Info.plist";
				LD_RUNPATH_SEARCH_PATHS = "$(inherited) @executable_path/Frameworks @loader_path/Frameworks";
				PRODUCT_NAME = "$(TARGET_NAME)";
				TEST_HOST = "$(BUILT_PRODUCTS_DIR)/Community.app/Community";
			};
			name = Debug;
		};
		9AAD20671B82A22F0053F743 /* Release */ = {
			isa = XCBuildConfiguration;
			buildSettings = {
				BUNDLE_LOADER = "$(TEST_HOST)";
				FRAMEWORK_SEARCH_PATHS = (
					"$(SDKROOT)/Developer/Library/Frameworks",
					"$(inherited)",
				);
				INFOPLIST_FILE = "CommunityTests/Supporting Files/Info.plist";
				LD_RUNPATH_SEARCH_PATHS = "$(inherited) @executable_path/Frameworks @loader_path/Frameworks";
				PRODUCT_NAME = "$(TARGET_NAME)";
				TEST_HOST = "$(BUILT_PRODUCTS_DIR)/Community.app/Community";
			};
			name = Release;
		};
/* End XCBuildConfiguration section */

/* Begin XCConfigurationList section */
		9AAD203E1B82A22F0053F743 /* Build configuration list for PBXProject "Community" */ = {
			isa = XCConfigurationList;
			buildConfigurations = (
				9AAD20601B82A22F0053F743 /* Debug */,
				9AAD20611B82A22F0053F743 /* Release */,
			);
			defaultConfigurationIsVisible = 0;
			defaultConfigurationName = Release;
		};
		9AAD20621B82A22F0053F743 /* Build configuration list for PBXNativeTarget "Community" */ = {
			isa = XCConfigurationList;
			buildConfigurations = (
				9AAD20631B82A22F0053F743 /* Debug */,
				9AAD20641B82A22F0053F743 /* Release */,
			);
			defaultConfigurationIsVisible = 0;
			defaultConfigurationName = Release;
		};
		9AAD20651B82A22F0053F743 /* Build configuration list for PBXNativeTarget "CommunityTests" */ = {
			isa = XCConfigurationList;
			buildConfigurations = (
				9AAD20661B82A22F0053F743 /* Debug */,
				9AAD20671B82A22F0053F743 /* Release */,
			);
			defaultConfigurationIsVisible = 0;
			defaultConfigurationName = Release;
		};
/* End XCConfigurationList section */
	};
	rootObject = 9AAD203B1B82A22F0053F743 /* Project object */;
}
